PODS:
  - Alamofire (5.2.2)
  - AppAuth (1.4.0):
    - AppAuth/Core (= 1.4.0)
    - AppAuth/ExternalUserAgent (= 1.4.0)
  - AppAuth/Core (1.4.0)
  - AppAuth/ExternalUserAgent (1.4.0)
  - ExpyTableView (1.2.1)
  - Firebase/Analytics (7.2.0):
    - Firebase/Core
  - Firebase/Auth (7.2.0):
    - Firebase/CoreOnly
    - FirebaseAuth (~> 7.2.0)
  - Firebase/Core (7.2.0):
    - Firebase/CoreOnly
    - FirebaseAnalytics (= 7.2.0)
  - Firebase/CoreOnly (7.2.0):
    - FirebaseCore (= 7.2.0)
  - FirebaseAnalytics (7.2.0):
    - FirebaseCore (~> 7.0)
    - FirebaseInstallations (~> 7.0)
    - GoogleAppMeasurement (= 7.2.0)
    - GoogleUtilities/AppDelegateSwizzler (~> 7.0)
    - GoogleUtilities/MethodSwizzler (~> 7.0)
    - GoogleUtilities/Network (~> 7.0)
    - "GoogleUtilities/NSData+zlib (~> 7.0)"
    - nanopb (~> 2.30906.0)
  - FirebaseAuth (7.2.0):
    - FirebaseCore (~> 7.0)
    - GoogleUtilities/AppDelegateSwizzler (~> 7.0)
    - GoogleUtilities/Environment (~> 7.0)
    - GTMSessionFetcher/Core (~> 1.4)
  - FirebaseCore (7.2.0):
    - FirebaseCoreDiagnostics (~> 7.0)
    - GoogleUtilities/Environment (~> 7.0)
    - GoogleUtilities/Logger (~> 7.0)
  - FirebaseCoreDiagnostics (7.2.0):
    - GoogleDataTransport (~> 8.0)
    - GoogleUtilities/Environment (~> 7.0)
    - GoogleUtilities/Logger (~> 7.0)
    - nanopb (~> 2.30906.0)
  - FirebaseInstallations (7.2.0):
    - FirebaseCore (~> 7.0)
    - GoogleUtilities/Environment (~> 7.0)
    - GoogleUtilities/UserDefaults (~> 7.0)
    - PromisesObjC (~> 1.2)
  - FSCalendar (2.8.2)
  - FSPagerView (0.8.3)
  - GoogleAppMeasurement (7.2.0):
    - GoogleUtilities/AppDelegateSwizzler (~> 7.0)
    - GoogleUtilities/MethodSwizzler (~> 7.0)
    - GoogleUtilities/Network (~> 7.0)
    - "GoogleUtilities/NSData+zlib (~> 7.0)"
    - nanopb (~> 2.30906.0)
  - GoogleDataTransport (8.0.1):
    - nanopb (~> 2.30906.0)
  - GoogleSignIn (5.0.2):
    - AppAuth (~> 1.2)
    - GTMAppAuth (~> 1.0)
    - GTMSessionFetcher/Core (~> 1.1)
  - GoogleUtilities/AppDelegateSwizzler (7.1.1):
    - GoogleUtilities/Environment
    - GoogleUtilities/Logger
    - GoogleUtilities/Network
  - GoogleUtilities/Environment (7.1.1):
    - PromisesObjC (~> 1.2)
  - GoogleUtilities/Logger (7.1.1):
    - GoogleUtilities/Environment
  - GoogleUtilities/MethodSwizzler (7.1.1):
    - GoogleUtilities/Logger
  - GoogleUtilities/Network (7.1.1):
    - GoogleUtilities/Logger
    - "GoogleUtilities/NSData+zlib"
    - GoogleUtilities/Reachability
  - "GoogleUtilities/NSData+zlib (7.1.1)"
  - GoogleUtilities/Reachability (7.1.1):
    - GoogleUtilities/Logger
  - GoogleUtilities/UserDefaults (7.1.1):
    - GoogleUtilities/Logger
  - GTMAppAuth (1.1.0):
    - AppAuth/Core (~> 1.4)
    - GTMSessionFetcher (~> 1.4)
  - GTMSessionFetcher (1.5.0):
    - GTMSessionFetcher/Full (= 1.5.0)
  - GTMSessionFetcher/Core (1.5.0)
  - GTMSessionFetcher/Full (1.5.0):
    - GTMSessionFetcher/Core (= 1.5.0)
  - KakaoSDKAuth (2.0.4):
    - KakaoSDKCommon (= 2.0.4)
  - KakaoSDKCommon (2.0.4):
    - Alamofire (~> 5.1)
  - KakaoSDKUser (2.0.4):
    - KakaoSDKAuth (= 2.0.4)
    - KakaoSDKCommon (= 2.0.4)
  - Magnetic (3.2.1)
  - nanopb (2.30906.0):
    - nanopb/decode (= 2.30906.0)
    - nanopb/encode (= 2.30906.0)
  - nanopb/decode (2.30906.0)
  - nanopb/encode (2.30906.0)
  - naveridlogin-sdk-ios (4.1.3)
  - Pageboy (3.6.2)
  - PanModal (1.2.7)
  - Popover (1.3.0)
  - PromisesObjC (1.2.11)
  - ReactorKit (2.1.1):
    - RxSwift (~> 5.0)
    - WeakMapTable (~> 1.1)
  - RxAlamofire (5.6.2):
    - RxAlamofire/Core (= 5.6.2)
  - RxAlamofire/Core (5.6.2):
    - Alamofire (~> 5.2)
    - RxSwift (~> 5.1)
  - RxCocoa (5.1.1):
    - RxRelay (~> 5)
    - RxSwift (~> 5)
  - RxKakaoSDKAuth (2.0.4):
    - KakaoSDKAuth (= 2.0.4)
    - RxKakaoSDKCommon (= 2.0.4)
  - RxKakaoSDKCommon (2.0.4):
    - KakaoSDKCommon (= 2.0.4)
    - RxAlamofire (~> 5.2)
    - RxCocoa
    - RxSwift
  - RxKakaoSDKUser (2.0.4):
    - KakaoSDKUser (= 2.0.4)
    - RxKakaoSDKAuth (= 2.0.4)
    - RxKakaoSDKCommon (= 2.0.4)
  - RxRelay (5.1.1):
    - RxSwift (~> 5)
  - RxSwift (5.1.1)
  - SkyFloatingLabelTextField (4.0.0)
  - SnapKit (5.0.1)
  - SwiftLint (0.40.3)
  - SwiftyBeaver (1.9.3)
  - Tabman (2.11.1):
    - Pageboy (~> 3.6.0)
  - TextFieldEffects (1.6.0)
  - Then (2.7.0)
  - WeakMapTable (1.2.0)

DEPENDENCIES:
  - Alamofire (~> 5.2)
  - ExpyTableView
  - Firebase/Analytics
  - Firebase/Auth
  - FSCalendar
  - FSPagerView
  - GoogleSignIn
  - Magnetic
  - naveridlogin-sdk-ios
  - PanModal
  - Popover
  - ReactorKit
  - RxKakaoSDKAuth
  - RxKakaoSDKCommon
  - RxKakaoSDKUser
  - SkyFloatingLabelTextField
  - SnapKit (~> 5.0.0)
  - SwiftLint
  - SwiftyBeaver
  - Tabman (~> 2.11)
  - TextFieldEffects
  - Then

SPEC REPOS:
  trunk:
    - Alamofire
    - AppAuth
    - ExpyTableView
    - Firebase
    - FirebaseAnalytics
    - FirebaseAuth
    - FirebaseCore
    - FirebaseCoreDiagnostics
    - FirebaseInstallations
    - FSCalendar
    - FSPagerView
    - GoogleAppMeasurement
    - GoogleDataTransport
    - GoogleSignIn
    - GoogleUtilities
    - GTMAppAuth
    - GTMSessionFetcher
    - KakaoSDKAuth
    - KakaoSDKCommon
    - KakaoSDKUser
    - Magnetic
    - nanopb
    - naveridlogin-sdk-ios
    - Pageboy
    - PanModal
    - Popover
    - PromisesObjC
    - ReactorKit
    - RxAlamofire
    - RxCocoa
    - RxKakaoSDKAuth
    - RxKakaoSDKCommon
    - RxKakaoSDKUser
    - RxRelay
    - RxSwift
    - SkyFloatingLabelTextField
    - SnapKit
    - SwiftLint
    - SwiftyBeaver
    - Tabman
    - TextFieldEffects
    - Then
    - WeakMapTable

SPEC CHECKSUMS:
  Alamofire: 814429acc853c6c54ff123fc3d2ef66803823ce0
  AppAuth: 31bcec809a638d7bd2f86ea8a52bd45f6e81e7c7
  ExpyTableView: 19cf224c2ff04b1ec215ec52bc4ba6f81fa809ed
  Firebase: 456eeacc158d8c58586b7871619a81bb9f27d4ae
  FirebaseAnalytics: 2673264e482b428df13786b59165ebf420881d7a
  FirebaseAuth: e6a214cc897d2eab7635b1e5dd6b4298fd1e776b
  FirebaseCore: c959e8a598f83125c01c1700d9161b236ab3833c
  FirebaseCoreDiagnostics: 2d508e12e77e9691ca67d1669b91ee80f0985b29
  FirebaseInstallations: 9ab3a9a6522e687f59ff9bcfd92949ac85073f3c
  FSCalendar: e6a2eb9c571bf0719ed797ef807e08426753c241
  FSPagerView: 670405b2f18e2a87fa37f20b00de783e562c25a8
  GoogleAppMeasurement: 57a0df93dc2feb5176b1bac06012dbd725191ba5
  GoogleDataTransport: e4085e6762f36a6141738f46b0153473ce57fb18
  GoogleSignIn: 7137d297ddc022a7e0aa4619c86d72c909fa7213
  GoogleUtilities: 3dc4ff0d5e4840e2fa8eef0889620e8c33d4218c
  GTMAppAuth: 197a8dabfea5d665224aa00d17f164fc2248dab9
  GTMSessionFetcher: b3503b20a988c4e20cc189aa798fd18220133f52
  KakaoSDKAuth: 3a88e4a110243f8c6b9948c5ec85670c7acaebf6
  KakaoSDKCommon: 070472d0638ea6b28684a23c195e47015349e51b
  KakaoSDKUser: 7951e09f9e6de3908ae2d7f8486290c8607c217a
  Magnetic: 02b9d6686160421cc4285140387419ec9ccab033
  nanopb: 1bf24dd71191072e120b83dd02d08f3da0d65e53
  naveridlogin-sdk-ios: b9d7c20677981177ed994ecb1c8c2b49f223277d
  Pageboy: cf121b9dd48c63f3f281b2a9ec93d02e0f23879b
  PanModal: 3e16ead1a907fb06f4df3f13492fd00149fa4974
  Popover: 10e1d9528f81d9504df984b7b3f491292bc1822d
  PromisesObjC: 8c196f5a328c2cba3e74624585467a557dcb482f
  ReactorKit: 6d894a20c3d508344320901cd8e386fde92df4b6
  RxAlamofire: aa949d345b1689eae02b7c7a217518878144f6df
  RxCocoa: 32065309a38d29b5b0db858819b5bf9ef038b601
  RxKakaoSDKAuth: ea014a608fb7ba41a9c0d7c685bf587599f582e7
  RxKakaoSDKCommon: 141b04fb5d08538cf5a91ffd5d7821f7f40ee38c
  RxKakaoSDKUser: d935fbf6aa6691a2741943b1740dffe8a13f100d
  RxRelay: d77f7d771495f43c556cbc43eebd1bb54d01e8e9
  RxSwift: 81470a2074fa8780320ea5fe4102807cb7118178
  SkyFloatingLabelTextField: 79ddc40e4ad59707fedbb48d605417aee48bb78a
  SnapKit: 97b92857e3df3a0c71833cce143274bf6ef8e5eb
  SwiftLint: dfd554ff0dff17288ee574814ccdd5cea85d76f7
  SwiftyBeaver: 2e8acd6fc90c6d0a27055867a290794926d57c02
  Tabman: 792ac76fd1ec95af175c93db880a3c47cabedc91
  TextFieldEffects: 529b8aff706fb40f82c41c780c0777941a893796
  Then: acfe0be7e98221c6204e12f8161459606d5d822d
  WeakMapTable: 05c694ce8439a7a9ebabb56187287a63c57673d6

PODFILE CHECKSUM: 5b18625fe674a3aa93091cd660f2c94bf2dffc0b

COCOAPODS: 1.8.4
