// !$*UTF8*$!
{
	archiveVersion = 1;
	classes = {
	};
	objectVersion = 51;
	objects = {

/* Begin PBXBuildFile section */
		306AAD33E666D3449669E416 /* Pods_ShareNoteTests.framework in Frameworks */ = {isa = PBXBuildFile; fileRef = 6B54B1B8FAF83E9D019956B0 /* Pods_ShareNoteTests.framework */; };
		601DDC94257C9EEC00DCB968 /* UserPageViewController.swift in Sources */ = {isa = PBXBuildFile; fileRef = 601DDC93257C9EEC00DCB968 /* UserPageViewController.swift */; };
		601DDCF0257CEBEF00DCB968 /* AppKey.swift in Sources */ = {isa = PBXBuildFile; fileRef = 601DDCEF257CEBEF00DCB968 /* AppKey.swift */; };
		6024832E25B084C900F446E9 /* LoginReactor.swift in Sources */ = {isa = PBXBuildFile; fileRef = 6024832D25B084C900F446E9 /* LoginReactor.swift */; };
		602483EA25B3C93400F446E9 /* RegisterReactor.swift in Sources */ = {isa = PBXBuildFile; fileRef = 602483E925B3C93400F446E9 /* RegisterReactor.swift */; };
		60308CF925D000B80091ACC5 /* TextFieldView.swift in Sources */ = {isa = PBXBuildFile; fileRef = 60308CF825D000B80091ACC5 /* TextFieldView.swift */; };
		60308CFE25D000D80091ACC5 /* CategoryButton.swift in Sources */ = {isa = PBXBuildFile; fileRef = 60308CFD25D000D80091ACC5 /* CategoryButton.swift */; };
		60308D5C25D436850091ACC5 /* CompleteTradingLogViewController.swift in Sources */ = {isa = PBXBuildFile; fileRef = 60308D5B25D436850091ACC5 /* CompleteTradingLogViewController.swift */; };
		60308D8225D594220091ACC5 /* UISegmentControl+Extension.swift in Sources */ = {isa = PBXBuildFile; fileRef = 60308D8125D594220091ACC5 /* UISegmentControl+Extension.swift */; };
		60308D8725D594370091ACC5 /* UIImaeg+Extension.swift in Sources */ = {isa = PBXBuildFile; fileRef = 60308D8625D594370091ACC5 /* UIImaeg+Extension.swift */; };
		6064CA8925BEF8FC00E75D59 /* YearMonthPickerView.swift in Sources */ = {isa = PBXBuildFile; fileRef = 6064CA8825BEF8FC00E75D59 /* YearMonthPickerView.swift */; };
		6064CA9425C1058000E75D59 /* TradingNoneTableViewCell.swift in Sources */ = {isa = PBXBuildFile; fileRef = 6064CA9325C1058000E75D59 /* TradingNoneTableViewCell.swift */; };
		6064CA9C25C2F9F300E75D59 /* CALayer+Extension.swift in Sources */ = {isa = PBXBuildFile; fileRef = 6064CA9B25C2F9F300E75D59 /* CALayer+Extension.swift */; };
		6064CAA125C2FCB500E75D59 /* TradingLogTableViewCell.swift in Sources */ = {isa = PBXBuildFile; fileRef = 6064CAA025C2FCB500E75D59 /* TradingLogTableViewCell.swift */; };
		6064CAA625C300E200E75D59 /* UIView+Extension.swift in Sources */ = {isa = PBXBuildFile; fileRef = 6064CAA525C300E200E75D59 /* UIView+Extension.swift */; };
		6064CACC25C6884600E75D59 /* WriteTradingLogViewController.swift in Sources */ = {isa = PBXBuildFile; fileRef = 6064CACB25C6884600E75D59 /* WriteTradingLogViewController.swift */; };
		6064CB7D25C8443C00E75D59 /* TradingSharePagerViewCell.swift in Sources */ = {isa = PBXBuildFile; fileRef = 6064CB7C25C8443C00E75D59 /* TradingSharePagerViewCell.swift */; };
		6064CB8225CC394100E75D59 /* ArticlePagerViewCell.swift in Sources */ = {isa = PBXBuildFile; fileRef = 6064CB8125CC394100E75D59 /* ArticlePagerViewCell.swift */; };
		6064CB8725CC4BD300E75D59 /* AddTradingShareViewController.swift in Sources */ = {isa = PBXBuildFile; fileRef = 6064CB8625CC4BD300E75D59 /* AddTradingShareViewController.swift */; };
		6064CB9725CD848900E75D59 /* UILabel+Extension.swift in Sources */ = {isa = PBXBuildFile; fileRef = 6064CB9625CD848900E75D59 /* UILabel+Extension.swift */; };
		6081403425BD2EC7008E6CAF /* Spoqa Han Sans Neo Light.otf in Resources */ = {isa = PBXBuildFile; fileRef = 6081402F25BD2EC7008E6CAF /* Spoqa Han Sans Neo Light.otf */; };
		6081403525BD2EC7008E6CAF /* Spoqa Han Sans Neo Medium.otf in Resources */ = {isa = PBXBuildFile; fileRef = 6081403025BD2EC7008E6CAF /* Spoqa Han Sans Neo Medium.otf */; };
		6081403625BD2EC7008E6CAF /* Spoqa Han Sans Neo Bold.otf in Resources */ = {isa = PBXBuildFile; fileRef = 6081403125BD2EC7008E6CAF /* Spoqa Han Sans Neo Bold.otf */; };
		6081403725BD2EC7008E6CAF /* Spoqa Han Sans Neo Thin.otf in Resources */ = {isa = PBXBuildFile; fileRef = 6081403225BD2EC7008E6CAF /* Spoqa Han Sans Neo Thin.otf */; };
		6081403825BD2EC7008E6CAF /* Spoqa Han Sans Neo Regular.otf in Resources */ = {isa = PBXBuildFile; fileRef = 6081403325BD2EC7008E6CAF /* Spoqa Han Sans Neo Regular.otf */; };
		6081409225BD52CA008E6CAF /* Date+Extension.swift in Sources */ = {isa = PBXBuildFile; fileRef = 6081409125BD52CA008E6CAF /* Date+Extension.swift */; };
		608410862600F549000FAE7B /* CategoryTableViewCell.swift in Sources */ = {isa = PBXBuildFile; fileRef = 608410852600F549000FAE7B /* CategoryTableViewCell.swift */; };
		6084108B2600F550000FAE7B /* QuestionTableViewCell.swift in Sources */ = {isa = PBXBuildFile; fileRef = 6084108A2600F550000FAE7B /* QuestionTableViewCell.swift */; };
		60841090260247B3000FAE7B /* QuestionConfirmViewController.swift in Sources */ = {isa = PBXBuildFile; fileRef = 6084108F260247B3000FAE7B /* QuestionConfirmViewController.swift */; };
		608410952603A4CB000FAE7B /* QuestionConfirmTableViewCell.swift in Sources */ = {isa = PBXBuildFile; fileRef = 608410942603A4CB000FAE7B /* QuestionConfirmTableViewCell.swift */; };
		6084109A26078089000FAE7B /* WriteCompanyAnalysisViewController.swift in Sources */ = {isa = PBXBuildFile; fileRef = 6084109926078089000FAE7B /* WriteCompanyAnalysisViewController.swift */; };
		6084109F2608C87E000FAE7B /* QuestListTableViewCell.swift in Sources */ = {isa = PBXBuildFile; fileRef = 6084109E2608C87E000FAE7B /* QuestListTableViewCell.swift */; };
		608410A42608DD45000FAE7B /* InputTextViewController.swift in Sources */ = {isa = PBXBuildFile; fileRef = 608410A32608DD45000FAE7B /* InputTextViewController.swift */; };
		608410A9260A0DCD000FAE7B /* CompleteCompanyAnalysisViewController.swift in Sources */ = {isa = PBXBuildFile; fileRef = 608410A8260A0DCD000FAE7B /* CompleteCompanyAnalysisViewController.swift */; };
		608410AE260A127E000FAE7B /* CompleteCompanyAnalysisTableViewCell.swift in Sources */ = {isa = PBXBuildFile; fileRef = 608410AD260A127E000FAE7B /* CompleteCompanyAnalysisTableViewCell.swift */; };
		6084E1A5257E6C1D0069E763 /* GoogleService-Info.plist in Resources */ = {isa = PBXBuildFile; fileRef = 6084E1A4257E6C1D0069E763 /* GoogleService-Info.plist */; };
		6094162F25A0156000D9DF42 /* AppCoordinator.swift in Sources */ = {isa = PBXBuildFile; fileRef = 6094162E25A0156000D9DF42 /* AppCoordinator.swift */; };
		6094166825A0933D00D9DF42 /* RegisterViewController.swift in Sources */ = {isa = PBXBuildFile; fileRef = 6094166725A0933D00D9DF42 /* RegisterViewController.swift */; };
		60966C6025B9BB7B00C8E487 /* MainTabBarViewController.swift in Sources */ = {isa = PBXBuildFile; fileRef = 60966C5F25B9BB7B00C8E487 /* MainTabBarViewController.swift */; };
		60966CA525B9BF1100C8E487 /* HomeMainViewController.swift in Sources */ = {isa = PBXBuildFile; fileRef = 60966CA425B9BF1100C8E487 /* HomeMainViewController.swift */; };
		60966CAD25B9BF2000C8E487 /* CompanyAnalysisMainViewController.swift in Sources */ = {isa = PBXBuildFile; fileRef = 60966CAC25B9BF2000C8E487 /* CompanyAnalysisMainViewController.swift */; };
		60966CB225B9BFC400C8E487 /* TradingLogMainViewController.swift in Sources */ = {isa = PBXBuildFile; fileRef = 60966CB125B9BFC400C8E487 /* TradingLogMainViewController.swift */; };
		60966CB725B9BFD000C8E487 /* BookmarkMainViewController.swift in Sources */ = {isa = PBXBuildFile; fileRef = 60966CB625B9BFD000C8E487 /* BookmarkMainViewController.swift */; };
		60966CBC25B9BFD800C8E487 /* MoreMainViewController.swift in Sources */ = {isa = PBXBuildFile; fileRef = 60966CBB25B9BFD800C8E487 /* MoreMainViewController.swift */; };
		609E13EC25FDC16200F80C1A /* AnalysisTableViewCell.swift in Sources */ = {isa = PBXBuildFile; fileRef = 609E13EB25FDC16200F80C1A /* AnalysisTableViewCell.swift */; };
		609E13F125FDD02900F80C1A /* CategoryTableViewController.swift in Sources */ = {isa = PBXBuildFile; fileRef = 609E13F025FDD02900F80C1A /* CategoryTableViewController.swift */; };
		609E13F625FE0F7500F80C1A /* SelectionViewController.swift in Sources */ = {isa = PBXBuildFile; fileRef = 609E13F525FE0F7500F80C1A /* SelectionViewController.swift */; };
		609E13FB25FE1B2300F80C1A /* CompanySelectionView.swift in Sources */ = {isa = PBXBuildFile; fileRef = 609E13FA25FE1B2300F80C1A /* CompanySelectionView.swift */; };
		609E140025FE40CB00F80C1A /* CompanySearchViewController.swift in Sources */ = {isa = PBXBuildFile; fileRef = 609E13FF25FE40CB00F80C1A /* CompanySearchViewController.swift */; };
		609E140525FF890B00F80C1A /* QuestionSelectViewController.swift in Sources */ = {isa = PBXBuildFile; fileRef = 609E140425FF890A00F80C1A /* QuestionSelectViewController.swift */; };
		60ADF4F125792D37001A77C2 /* AppDelegate.swift in Sources */ = {isa = PBXBuildFile; fileRef = 60ADF4F025792D37001A77C2 /* AppDelegate.swift */; };
		60ADF4F325792D37001A77C2 /* SceneDelegate.swift in Sources */ = {isa = PBXBuildFile; fileRef = 60ADF4F225792D37001A77C2 /* SceneDelegate.swift */; };
		60ADF4F525792D37001A77C2 /* ViewController.swift in Sources */ = {isa = PBXBuildFile; fileRef = 60ADF4F425792D37001A77C2 /* ViewController.swift */; };
		60ADF4F825792D37001A77C2 /* Main.storyboard in Resources */ = {isa = PBXBuildFile; fileRef = 60ADF4F625792D37001A77C2 /* Main.storyboard */; };
		60ADF4FA25792D39001A77C2 /* Assets.xcassets in Resources */ = {isa = PBXBuildFile; fileRef = 60ADF4F925792D39001A77C2 /* Assets.xcassets */; };
		60ADF4FD25792D39001A77C2 /* LaunchScreen.storyboard in Resources */ = {isa = PBXBuildFile; fileRef = 60ADF4FB25792D39001A77C2 /* LaunchScreen.storyboard */; };
		60ADF50825792D39001A77C2 /* ShareNoteTests.swift in Sources */ = {isa = PBXBuildFile; fileRef = 60ADF50725792D39001A77C2 /* ShareNoteTests.swift */; };
		60ADF51325792D39001A77C2 /* ShareNoteUITests.swift in Sources */ = {isa = PBXBuildFile; fileRef = 60ADF51225792D39001A77C2 /* ShareNoteUITests.swift */; };
		60BCD5192591805B0025D3F5 /* Tag.swift in Sources */ = {isa = PBXBuildFile; fileRef = 60BCD5182591805B0025D3F5 /* Tag.swift */; };
		60C0CCB825866A6A006FF0F9 /* JsonData.swift in Sources */ = {isa = PBXBuildFile; fileRef = 60C0CCB725866A6A006FF0F9 /* JsonData.swift */; };
		60C0CD492587B6EB006FF0F9 /* NetworkHelper.swift in Sources */ = {isa = PBXBuildFile; fileRef = 60C0CD482587B6EB006FF0F9 /* NetworkHelper.swift */; };
		60C0D0A2258F937B006FF0F9 /* User.swift in Sources */ = {isa = PBXBuildFile; fileRef = 60C0D0A1258F937B006FF0F9 /* User.swift */; };
		60C0D0A7258F93BC006FF0F9 /* Category.swift in Sources */ = {isa = PBXBuildFile; fileRef = 60C0D0A6258F93BC006FF0F9 /* Category.swift */; };
		60CD8DC625A1C84800C29F0E /* EmailTableViewController.swift in Sources */ = {isa = PBXBuildFile; fileRef = 60CD8DC525A1C84800C29F0E /* EmailTableViewController.swift */; };
		60CD8EA025A1E8E100C29F0E /* EmailTableViewCell.swift in Sources */ = {isa = PBXBuildFile; fileRef = 60CD8E9F25A1E8E100C29F0E /* EmailTableViewCell.swift */; };
		60CD8FFE25AADB4900C29F0E /* SimplePasswordViewController.swift in Sources */ = {isa = PBXBuildFile; fileRef = 60CD8FFD25AADB4900C29F0E /* SimplePasswordViewController.swift */; };
		60CD906C25AB0DF200C29F0E /* PasswordKeypadView.swift in Sources */ = {isa = PBXBuildFile; fileRef = 60CD906B25AB0DF200C29F0E /* PasswordKeypadView.swift */; };
		60D37218259F514A00BBAB36 /* LoginViewController.swift in Sources */ = {isa = PBXBuildFile; fileRef = 60D37217259F514A00BBAB36 /* LoginViewController.swift */; };
		60EFB9FE25D680270027B0E2 /* UIColor+Extension.swift in Sources */ = {isa = PBXBuildFile; fileRef = 60EFB9FD25D680270027B0E2 /* UIColor+Extension.swift */; };
		60EFBA0325D68C5B0027B0E2 /* UIFont+Extension.swift in Sources */ = {isa = PBXBuildFile; fileRef = 60EFBA0225D68C5B0027B0E2 /* UIFont+Extension.swift */; };
		60EFBA0825D6A54F0027B0E2 /* ColorAssets.xcassets in Resources */ = {isa = PBXBuildFile; fileRef = 60EFBA0725D6A54F0027B0E2 /* ColorAssets.xcassets */; };
		60EFBA0D25D6CEBD0027B0E2 /* AuthenticationViewController.swift in Sources */ = {isa = PBXBuildFile; fileRef = 60EFBA0C25D6CEBD0027B0E2 /* AuthenticationViewController.swift */; };
		60EFBA1525D6D7C60027B0E2 /* UIButton+Extension.swift in Sources */ = {isa = PBXBuildFile; fileRef = 60EFBA1425D6D7C60027B0E2 /* UIButton+Extension.swift */; };
		60EFBA9125DD570F0027B0E2 /* CertificationNumberViewController.swift in Sources */ = {isa = PBXBuildFile; fileRef = 60EFBA9025DD570F0027B0E2 /* CertificationNumberViewController.swift */; };
		60EFBAAB25E161F10027B0E2 /* PopupViewController.swift in Sources */ = {isa = PBXBuildFile; fileRef = 60EFBAAA25E161F10027B0E2 /* PopupViewController.swift */; };
		60EFBAB025E2930A0027B0E2 /* SkyFloatingLabelTextField+Extension.swift in Sources */ = {isa = PBXBuildFile; fileRef = 60EFBAAF25E2930A0027B0E2 /* SkyFloatingLabelTextField+Extension.swift */; };
		60EFBAB525EE6C0E0027B0E2 /* RegistSimplePasswordViewController.swift in Sources */ = {isa = PBXBuildFile; fileRef = 60EFBAB425EE6C0E0027B0E2 /* RegistSimplePasswordViewController.swift */; };
		60EFBADB25EE7AA60027B0E2 /* KeypadView.swift in Sources */ = {isa = PBXBuildFile; fileRef = 60EFBADA25EE7AA60027B0E2 /* KeypadView.swift */; };
		60EFBB0425F484900027B0E2 /* MoreMenuTableViewCell.swift in Sources */ = {isa = PBXBuildFile; fileRef = 60EFBB0325F484900027B0E2 /* MoreMenuTableViewCell.swift */; };
		60EFBB0925F489CB0027B0E2 /* MoreMenuHeaderView.swift in Sources */ = {isa = PBXBuildFile; fileRef = 60EFBB0825F489CB0027B0E2 /* MoreMenuHeaderView.swift */; };
		60EFBB0E25F4906B0027B0E2 /* ChangePasswordViewController.swift in Sources */ = {isa = PBXBuildFile; fileRef = 60EFBB0D25F4906B0027B0E2 /* ChangePasswordViewController.swift */; };
		60EFBB1325F491D90027B0E2 /* NavigationView.swift in Sources */ = {isa = PBXBuildFile; fileRef = 60EFBB1225F491D90027B0E2 /* NavigationView.swift */; };
		60EFBB2125F498D00027B0E2 /* TextField+Extension.swift in Sources */ = {isa = PBXBuildFile; fileRef = 60EFBB2025F498D00027B0E2 /* TextField+Extension.swift */; };
		60EFBB4725F4E21F0027B0E2 /* CustomAlertViewController.swift in Sources */ = {isa = PBXBuildFile; fileRef = 60EFBB4625F4E21F0027B0E2 /* CustomAlertViewController.swift */; };
		60EFBB5A25F658B90027B0E2 /* UIControl+Extension.swift in Sources */ = {isa = PBXBuildFile; fileRef = 60EFBB5925F658B90027B0E2 /* UIControl+Extension.swift */; };
		60EFBB5F25F65F060027B0E2 /* ChangeMyInfoViewController.swift in Sources */ = {isa = PBXBuildFile; fileRef = 60EFBB5E25F65F060027B0E2 /* ChangeMyInfoViewController.swift */; };
		60EFBB6425F7AC110027B0E2 /* LockModeSettingViewController.swift in Sources */ = {isa = PBXBuildFile; fileRef = 60EFBB6325F7AC110027B0E2 /* LockModeSettingViewController.swift */; };
		60EFBB6E25F7C1CC0027B0E2 /* AlarmSettingViewController.swift in Sources */ = {isa = PBXBuildFile; fileRef = 60EFBB6D25F7C1CC0027B0E2 /* AlarmSettingViewController.swift */; };
		60EFBB7325F8E3390027B0E2 /* TermsAndPersonalInfoProcessingViewController.swift in Sources */ = {isa = PBXBuildFile; fileRef = 60EFBB7225F8E3390027B0E2 /* TermsAndPersonalInfoProcessingViewController.swift */; };
		60EFBB7B25F8E5D90027B0E2 /* AppVersionViewController.swift in Sources */ = {isa = PBXBuildFile; fileRef = 60EFBB7A25F8E5D90027B0E2 /* AppVersionViewController.swift */; };
		60EFBB8025F907F60027B0E2 /* UserInfoViewController.swift in Sources */ = {isa = PBXBuildFile; fileRef = 60EFBB7F25F907F60027B0E2 /* UserInfoViewController.swift */; };
		60EFBB8625F913240027B0E2 /* AccountManagementViewController.swift in Sources */ = {isa = PBXBuildFile; fileRef = 60EFBB8425F913240027B0E2 /* AccountManagementViewController.swift */; };
		60EFBB8F25FA5CBE0027B0E2 /* CompanyAnalysisIntroViewController.swift in Sources */ = {isa = PBXBuildFile; fileRef = 60EFBB8E25FA5CBE0027B0E2 /* CompanyAnalysisIntroViewController.swift */; };
		60EFBB9425FA5E3D0027B0E2 /* IntroView.swift in Sources */ = {isa = PBXBuildFile; fileRef = 60EFBB9325FA5E3D0027B0E2 /* IntroView.swift */; };
		AF09F919E17FE9DCDBB2FA53 /* Pods_ShareNote_ShareNoteUITests.framework in Frameworks */ = {isa = PBXBuildFile; fileRef = EC64E44E704128825026FA46 /* Pods_ShareNote_ShareNoteUITests.framework */; };
		F57A80599348E5AF8A58EF5F /* Pods_ShareNote.framework in Frameworks */ = {isa = PBXBuildFile; fileRef = F71738D7BFB49AB3ED17188D /* Pods_ShareNote.framework */; };
/* End PBXBuildFile section */

/* Begin PBXContainerItemProxy section */
		60ADF50425792D39001A77C2 /* PBXContainerItemProxy */ = {
			isa = PBXContainerItemProxy;
			containerPortal = 60ADF4E525792D37001A77C2 /* Project object */;
			proxyType = 1;
			remoteGlobalIDString = 60ADF4EC25792D37001A77C2;
			remoteInfo = ShareNote;
		};
		60ADF50F25792D39001A77C2 /* PBXContainerItemProxy */ = {
			isa = PBXContainerItemProxy;
			containerPortal = 60ADF4E525792D37001A77C2 /* Project object */;
			proxyType = 1;
			remoteGlobalIDString = 60ADF4EC25792D37001A77C2;
			remoteInfo = ShareNote;
		};
/* End PBXContainerItemProxy section */

/* Begin PBXFileReference section */
		0A632BF3D8B96B0BDDF90E32 /* Pods-ShareNote-ShareNoteUITests.release.xcconfig */ = {isa = PBXFileReference; includeInIndex = 1; lastKnownFileType = text.xcconfig; name = "Pods-ShareNote-ShareNoteUITests.release.xcconfig"; path = "Target Support Files/Pods-ShareNote-ShareNoteUITests/Pods-ShareNote-ShareNoteUITests.release.xcconfig"; sourceTree = "<group>"; };
		237C287BBC831C6DB806993C /* Pods-ShareNoteTests.release.xcconfig */ = {isa = PBXFileReference; includeInIndex = 1; lastKnownFileType = text.xcconfig; name = "Pods-ShareNoteTests.release.xcconfig"; path = "Target Support Files/Pods-ShareNoteTests/Pods-ShareNoteTests.release.xcconfig"; sourceTree = "<group>"; };
		31653BC4C65497367731A980 /* Pods-ShareNoteTests.debug.xcconfig */ = {isa = PBXFileReference; includeInIndex = 1; lastKnownFileType = text.xcconfig; name = "Pods-ShareNoteTests.debug.xcconfig"; path = "Target Support Files/Pods-ShareNoteTests/Pods-ShareNoteTests.debug.xcconfig"; sourceTree = "<group>"; };
		38727C1481A398597264B0FC /* Pods-ShareNote-ShareNoteUITests.debug.xcconfig */ = {isa = PBXFileReference; includeInIndex = 1; lastKnownFileType = text.xcconfig; name = "Pods-ShareNote-ShareNoteUITests.debug.xcconfig"; path = "Target Support Files/Pods-ShareNote-ShareNoteUITests/Pods-ShareNote-ShareNoteUITests.debug.xcconfig"; sourceTree = "<group>"; };
		601DDC87257C9E2C00DCB968 /* KakaoSDKCommon.framework */ = {isa = PBXFileReference; explicitFileType = wrapper.framework; path = KakaoSDKCommon.framework; sourceTree = BUILT_PRODUCTS_DIR; };
		601DDC93257C9EEC00DCB968 /* UserPageViewController.swift */ = {isa = PBXFileReference; lastKnownFileType = sourcecode.swift; path = UserPageViewController.swift; sourceTree = "<group>"; };
		601DDCEF257CEBEF00DCB968 /* AppKey.swift */ = {isa = PBXFileReference; lastKnownFileType = sourcecode.swift; path = AppKey.swift; sourceTree = "<group>"; };
		6024832D25B084C900F446E9 /* LoginReactor.swift */ = {isa = PBXFileReference; lastKnownFileType = sourcecode.swift; path = LoginReactor.swift; sourceTree = "<group>"; };
		602483E925B3C93400F446E9 /* RegisterReactor.swift */ = {isa = PBXFileReference; lastKnownFileType = sourcecode.swift; path = RegisterReactor.swift; sourceTree = "<group>"; };
		60308CF825D000B80091ACC5 /* TextFieldView.swift */ = {isa = PBXFileReference; lastKnownFileType = sourcecode.swift; path = TextFieldView.swift; sourceTree = "<group>"; };
		60308CFD25D000D80091ACC5 /* CategoryButton.swift */ = {isa = PBXFileReference; lastKnownFileType = sourcecode.swift; path = CategoryButton.swift; sourceTree = "<group>"; };
		60308D5B25D436850091ACC5 /* CompleteTradingLogViewController.swift */ = {isa = PBXFileReference; lastKnownFileType = sourcecode.swift; path = CompleteTradingLogViewController.swift; sourceTree = "<group>"; };
		60308D8125D594220091ACC5 /* UISegmentControl+Extension.swift */ = {isa = PBXFileReference; lastKnownFileType = sourcecode.swift; path = "UISegmentControl+Extension.swift"; sourceTree = "<group>"; };
		60308D8625D594370091ACC5 /* UIImaeg+Extension.swift */ = {isa = PBXFileReference; lastKnownFileType = sourcecode.swift; path = "UIImaeg+Extension.swift"; sourceTree = "<group>"; };
		6064CA8825BEF8FC00E75D59 /* YearMonthPickerView.swift */ = {isa = PBXFileReference; lastKnownFileType = sourcecode.swift; path = YearMonthPickerView.swift; sourceTree = "<group>"; };
		6064CA9325C1058000E75D59 /* TradingNoneTableViewCell.swift */ = {isa = PBXFileReference; lastKnownFileType = sourcecode.swift; path = TradingNoneTableViewCell.swift; sourceTree = "<group>"; };
		6064CA9B25C2F9F300E75D59 /* CALayer+Extension.swift */ = {isa = PBXFileReference; lastKnownFileType = sourcecode.swift; path = "CALayer+Extension.swift"; sourceTree = "<group>"; };
		6064CAA025C2FCB500E75D59 /* TradingLogTableViewCell.swift */ = {isa = PBXFileReference; lastKnownFileType = sourcecode.swift; path = TradingLogTableViewCell.swift; sourceTree = "<group>"; };
		6064CAA525C300E200E75D59 /* UIView+Extension.swift */ = {isa = PBXFileReference; lastKnownFileType = sourcecode.swift; path = "UIView+Extension.swift"; sourceTree = "<group>"; };
		6064CACB25C6884600E75D59 /* WriteTradingLogViewController.swift */ = {isa = PBXFileReference; lastKnownFileType = sourcecode.swift; path = WriteTradingLogViewController.swift; sourceTree = "<group>"; };
		6064CB7C25C8443C00E75D59 /* TradingSharePagerViewCell.swift */ = {isa = PBXFileReference; lastKnownFileType = sourcecode.swift; path = TradingSharePagerViewCell.swift; sourceTree = "<group>"; };
		6064CB8125CC394100E75D59 /* ArticlePagerViewCell.swift */ = {isa = PBXFileReference; lastKnownFileType = sourcecode.swift; path = ArticlePagerViewCell.swift; sourceTree = "<group>"; };
		6064CB8625CC4BD300E75D59 /* AddTradingShareViewController.swift */ = {isa = PBXFileReference; lastKnownFileType = sourcecode.swift; path = AddTradingShareViewController.swift; sourceTree = "<group>"; };
		6064CB9625CD848900E75D59 /* UILabel+Extension.swift */ = {isa = PBXFileReference; lastKnownFileType = sourcecode.swift; path = "UILabel+Extension.swift"; sourceTree = "<group>"; };
		6081402F25BD2EC7008E6CAF /* Spoqa Han Sans Neo Light.otf */ = {isa = PBXFileReference; lastKnownFileType = file; path = "Spoqa Han Sans Neo Light.otf"; sourceTree = "<group>"; };
		6081403025BD2EC7008E6CAF /* Spoqa Han Sans Neo Medium.otf */ = {isa = PBXFileReference; lastKnownFileType = file; path = "Spoqa Han Sans Neo Medium.otf"; sourceTree = "<group>"; };
		6081403125BD2EC7008E6CAF /* Spoqa Han Sans Neo Bold.otf */ = {isa = PBXFileReference; lastKnownFileType = file; path = "Spoqa Han Sans Neo Bold.otf"; sourceTree = "<group>"; };
		6081403225BD2EC7008E6CAF /* Spoqa Han Sans Neo Thin.otf */ = {isa = PBXFileReference; lastKnownFileType = file; path = "Spoqa Han Sans Neo Thin.otf"; sourceTree = "<group>"; };
		6081403325BD2EC7008E6CAF /* Spoqa Han Sans Neo Regular.otf */ = {isa = PBXFileReference; lastKnownFileType = file; path = "Spoqa Han Sans Neo Regular.otf"; sourceTree = "<group>"; };
		6081409125BD52CA008E6CAF /* Date+Extension.swift */ = {isa = PBXFileReference; lastKnownFileType = sourcecode.swift; path = "Date+Extension.swift"; sourceTree = "<group>"; };
		608410852600F549000FAE7B /* CategoryTableViewCell.swift */ = {isa = PBXFileReference; lastKnownFileType = sourcecode.swift; path = CategoryTableViewCell.swift; sourceTree = "<group>"; };
		6084108A2600F550000FAE7B /* QuestionTableViewCell.swift */ = {isa = PBXFileReference; lastKnownFileType = sourcecode.swift; path = QuestionTableViewCell.swift; sourceTree = "<group>"; };
		6084108F260247B3000FAE7B /* QuestionConfirmViewController.swift */ = {isa = PBXFileReference; lastKnownFileType = sourcecode.swift; path = QuestionConfirmViewController.swift; sourceTree = "<group>"; };
		608410942603A4CB000FAE7B /* QuestionConfirmTableViewCell.swift */ = {isa = PBXFileReference; lastKnownFileType = sourcecode.swift; path = QuestionConfirmTableViewCell.swift; sourceTree = "<group>"; };
		6084109926078089000FAE7B /* WriteCompanyAnalysisViewController.swift */ = {isa = PBXFileReference; lastKnownFileType = sourcecode.swift; path = WriteCompanyAnalysisViewController.swift; sourceTree = "<group>"; };
		6084109E2608C87E000FAE7B /* QuestListTableViewCell.swift */ = {isa = PBXFileReference; lastKnownFileType = sourcecode.swift; path = QuestListTableViewCell.swift; sourceTree = "<group>"; };
		608410A32608DD45000FAE7B /* InputTextViewController.swift */ = {isa = PBXFileReference; lastKnownFileType = sourcecode.swift; path = InputTextViewController.swift; sourceTree = "<group>"; };
		608410A8260A0DCD000FAE7B /* CompleteCompanyAnalysisViewController.swift */ = {isa = PBXFileReference; lastKnownFileType = sourcecode.swift; path = CompleteCompanyAnalysisViewController.swift; sourceTree = "<group>"; };
		608410AD260A127E000FAE7B /* CompleteCompanyAnalysisTableViewCell.swift */ = {isa = PBXFileReference; lastKnownFileType = sourcecode.swift; path = CompleteCompanyAnalysisTableViewCell.swift; sourceTree = "<group>"; };
		6084E1A4257E6C1D0069E763 /* GoogleService-Info.plist */ = {isa = PBXFileReference; fileEncoding = 4; lastKnownFileType = text.plist.xml; path = "GoogleService-Info.plist"; sourceTree = "<group>"; };
		6094162E25A0156000D9DF42 /* AppCoordinator.swift */ = {isa = PBXFileReference; lastKnownFileType = sourcecode.swift; path = AppCoordinator.swift; sourceTree = "<group>"; };
		6094166725A0933D00D9DF42 /* RegisterViewController.swift */ = {isa = PBXFileReference; lastKnownFileType = sourcecode.swift; path = RegisterViewController.swift; sourceTree = "<group>"; };
		60966C5F25B9BB7B00C8E487 /* MainTabBarViewController.swift */ = {isa = PBXFileReference; lastKnownFileType = sourcecode.swift; path = MainTabBarViewController.swift; sourceTree = "<group>"; };
		60966CA425B9BF1100C8E487 /* HomeMainViewController.swift */ = {isa = PBXFileReference; lastKnownFileType = sourcecode.swift; path = HomeMainViewController.swift; sourceTree = "<group>"; };
		60966CAC25B9BF2000C8E487 /* CompanyAnalysisMainViewController.swift */ = {isa = PBXFileReference; lastKnownFileType = sourcecode.swift; path = CompanyAnalysisMainViewController.swift; sourceTree = "<group>"; };
		60966CB125B9BFC400C8E487 /* TradingLogMainViewController.swift */ = {isa = PBXFileReference; lastKnownFileType = sourcecode.swift; path = TradingLogMainViewController.swift; sourceTree = "<group>"; };
		60966CB625B9BFD000C8E487 /* BookmarkMainViewController.swift */ = {isa = PBXFileReference; lastKnownFileType = sourcecode.swift; path = BookmarkMainViewController.swift; sourceTree = "<group>"; };
		60966CBB25B9BFD800C8E487 /* MoreMainViewController.swift */ = {isa = PBXFileReference; lastKnownFileType = sourcecode.swift; path = MoreMainViewController.swift; sourceTree = "<group>"; };
		609E13EB25FDC16200F80C1A /* AnalysisTableViewCell.swift */ = {isa = PBXFileReference; lastKnownFileType = sourcecode.swift; path = AnalysisTableViewCell.swift; sourceTree = "<group>"; };
		609E13F025FDD02900F80C1A /* CategoryTableViewController.swift */ = {isa = PBXFileReference; lastKnownFileType = sourcecode.swift; path = CategoryTableViewController.swift; sourceTree = "<group>"; };
		609E13F525FE0F7500F80C1A /* SelectionViewController.swift */ = {isa = PBXFileReference; lastKnownFileType = sourcecode.swift; path = SelectionViewController.swift; sourceTree = "<group>"; };
		609E13FA25FE1B2300F80C1A /* CompanySelectionView.swift */ = {isa = PBXFileReference; lastKnownFileType = sourcecode.swift; path = CompanySelectionView.swift; sourceTree = "<group>"; };
		609E13FF25FE40CB00F80C1A /* CompanySearchViewController.swift */ = {isa = PBXFileReference; lastKnownFileType = sourcecode.swift; path = CompanySearchViewController.swift; sourceTree = "<group>"; };
		609E140425FF890A00F80C1A /* QuestionSelectViewController.swift */ = {isa = PBXFileReference; lastKnownFileType = sourcecode.swift; path = QuestionSelectViewController.swift; sourceTree = "<group>"; };
		60ADF4ED25792D37001A77C2 /* ShareNote.app */ = {isa = PBXFileReference; explicitFileType = wrapper.application; includeInIndex = 0; path = ShareNote.app; sourceTree = BUILT_PRODUCTS_DIR; };
		60ADF4F025792D37001A77C2 /* AppDelegate.swift */ = {isa = PBXFileReference; lastKnownFileType = sourcecode.swift; path = AppDelegate.swift; sourceTree = "<group>"; };
		60ADF4F225792D37001A77C2 /* SceneDelegate.swift */ = {isa = PBXFileReference; lastKnownFileType = sourcecode.swift; path = SceneDelegate.swift; sourceTree = "<group>"; };
		60ADF4F425792D37001A77C2 /* ViewController.swift */ = {isa = PBXFileReference; lastKnownFileType = sourcecode.swift; path = ViewController.swift; sourceTree = "<group>"; };
		60ADF4F725792D37001A77C2 /* Base */ = {isa = PBXFileReference; lastKnownFileType = file.storyboard; name = Base; path = Base.lproj/Main.storyboard; sourceTree = "<group>"; };
		60ADF4F925792D39001A77C2 /* Assets.xcassets */ = {isa = PBXFileReference; lastKnownFileType = folder.assetcatalog; path = Assets.xcassets; sourceTree = "<group>"; };
		60ADF4FC25792D39001A77C2 /* Base */ = {isa = PBXFileReference; lastKnownFileType = file.storyboard; name = Base; path = Base.lproj/LaunchScreen.storyboard; sourceTree = "<group>"; };
		60ADF4FE25792D39001A77C2 /* Info.plist */ = {isa = PBXFileReference; lastKnownFileType = text.plist.xml; path = Info.plist; sourceTree = "<group>"; };
		60ADF50325792D39001A77C2 /* ShareNoteTests.xctest */ = {isa = PBXFileReference; explicitFileType = wrapper.cfbundle; includeInIndex = 0; path = ShareNoteTests.xctest; sourceTree = BUILT_PRODUCTS_DIR; };
		60ADF50725792D39001A77C2 /* ShareNoteTests.swift */ = {isa = PBXFileReference; lastKnownFileType = sourcecode.swift; path = ShareNoteTests.swift; sourceTree = "<group>"; };
		60ADF50925792D39001A77C2 /* Info.plist */ = {isa = PBXFileReference; lastKnownFileType = text.plist.xml; path = Info.plist; sourceTree = "<group>"; };
		60ADF50E25792D39001A77C2 /* ShareNoteUITests.xctest */ = {isa = PBXFileReference; explicitFileType = wrapper.cfbundle; includeInIndex = 0; path = ShareNoteUITests.xctest; sourceTree = BUILT_PRODUCTS_DIR; };
		60ADF51225792D39001A77C2 /* ShareNoteUITests.swift */ = {isa = PBXFileReference; lastKnownFileType = sourcecode.swift; path = ShareNoteUITests.swift; sourceTree = "<group>"; };
		60ADF51425792D39001A77C2 /* Info.plist */ = {isa = PBXFileReference; lastKnownFileType = text.plist.xml; path = Info.plist; sourceTree = "<group>"; };
		60BCD5182591805B0025D3F5 /* Tag.swift */ = {isa = PBXFileReference; lastKnownFileType = sourcecode.swift; path = Tag.swift; sourceTree = "<group>"; };
		60C0CCB725866A6A006FF0F9 /* JsonData.swift */ = {isa = PBXFileReference; lastKnownFileType = sourcecode.swift; path = JsonData.swift; sourceTree = "<group>"; };
		60C0CD482587B6EB006FF0F9 /* NetworkHelper.swift */ = {isa = PBXFileReference; lastKnownFileType = sourcecode.swift; path = NetworkHelper.swift; sourceTree = "<group>"; };
		60C0D064258F7F98006FF0F9 /* ShareNote.entitlements */ = {isa = PBXFileReference; lastKnownFileType = text.plist.entitlements; path = ShareNote.entitlements; sourceTree = "<group>"; };
		60C0D0A1258F937B006FF0F9 /* User.swift */ = {isa = PBXFileReference; fileEncoding = 4; lastKnownFileType = sourcecode.swift; path = User.swift; sourceTree = "<group>"; };
		60C0D0A6258F93BC006FF0F9 /* Category.swift */ = {isa = PBXFileReference; lastKnownFileType = sourcecode.swift; path = Category.swift; sourceTree = "<group>"; };
		60CD8DC525A1C84800C29F0E /* EmailTableViewController.swift */ = {isa = PBXFileReference; lastKnownFileType = sourcecode.swift; path = EmailTableViewController.swift; sourceTree = "<group>"; };
		60CD8E9F25A1E8E100C29F0E /* EmailTableViewCell.swift */ = {isa = PBXFileReference; lastKnownFileType = sourcecode.swift; path = EmailTableViewCell.swift; sourceTree = "<group>"; };
		60CD8FFD25AADB4900C29F0E /* SimplePasswordViewController.swift */ = {isa = PBXFileReference; lastKnownFileType = sourcecode.swift; path = SimplePasswordViewController.swift; sourceTree = "<group>"; };
		60CD906B25AB0DF200C29F0E /* PasswordKeypadView.swift */ = {isa = PBXFileReference; lastKnownFileType = sourcecode.swift; path = PasswordKeypadView.swift; sourceTree = "<group>"; };
		60D37217259F514A00BBAB36 /* LoginViewController.swift */ = {isa = PBXFileReference; lastKnownFileType = sourcecode.swift; path = LoginViewController.swift; sourceTree = "<group>"; };
		60EFB9FD25D680270027B0E2 /* UIColor+Extension.swift */ = {isa = PBXFileReference; lastKnownFileType = sourcecode.swift; path = "UIColor+Extension.swift"; sourceTree = "<group>"; };
		60EFBA0225D68C5B0027B0E2 /* UIFont+Extension.swift */ = {isa = PBXFileReference; lastKnownFileType = sourcecode.swift; path = "UIFont+Extension.swift"; sourceTree = "<group>"; };
		60EFBA0725D6A54F0027B0E2 /* ColorAssets.xcassets */ = {isa = PBXFileReference; lastKnownFileType = folder.assetcatalog; path = ColorAssets.xcassets; sourceTree = "<group>"; };
		60EFBA0C25D6CEBD0027B0E2 /* AuthenticationViewController.swift */ = {isa = PBXFileReference; lastKnownFileType = sourcecode.swift; path = AuthenticationViewController.swift; sourceTree = "<group>"; };
		60EFBA1425D6D7C60027B0E2 /* UIButton+Extension.swift */ = {isa = PBXFileReference; lastKnownFileType = sourcecode.swift; path = "UIButton+Extension.swift"; sourceTree = "<group>"; };
		60EFBA9025DD570F0027B0E2 /* CertificationNumberViewController.swift */ = {isa = PBXFileReference; lastKnownFileType = sourcecode.swift; path = CertificationNumberViewController.swift; sourceTree = "<group>"; };
		60EFBAAA25E161F10027B0E2 /* PopupViewController.swift */ = {isa = PBXFileReference; lastKnownFileType = sourcecode.swift; path = PopupViewController.swift; sourceTree = "<group>"; };
		60EFBAAF25E2930A0027B0E2 /* SkyFloatingLabelTextField+Extension.swift */ = {isa = PBXFileReference; lastKnownFileType = sourcecode.swift; path = "SkyFloatingLabelTextField+Extension.swift"; sourceTree = "<group>"; };
		60EFBAB425EE6C0E0027B0E2 /* RegistSimplePasswordViewController.swift */ = {isa = PBXFileReference; lastKnownFileType = sourcecode.swift; path = RegistSimplePasswordViewController.swift; sourceTree = "<group>"; };
		60EFBADA25EE7AA60027B0E2 /* KeypadView.swift */ = {isa = PBXFileReference; lastKnownFileType = sourcecode.swift; path = KeypadView.swift; sourceTree = "<group>"; };
		60EFBB0325F484900027B0E2 /* MoreMenuTableViewCell.swift */ = {isa = PBXFileReference; lastKnownFileType = sourcecode.swift; path = MoreMenuTableViewCell.swift; sourceTree = "<group>"; };
		60EFBB0825F489CB0027B0E2 /* MoreMenuHeaderView.swift */ = {isa = PBXFileReference; lastKnownFileType = sourcecode.swift; path = MoreMenuHeaderView.swift; sourceTree = "<group>"; };
		60EFBB0D25F4906B0027B0E2 /* ChangePasswordViewController.swift */ = {isa = PBXFileReference; lastKnownFileType = sourcecode.swift; path = ChangePasswordViewController.swift; sourceTree = "<group>"; };
		60EFBB1225F491D90027B0E2 /* NavigationView.swift */ = {isa = PBXFileReference; lastKnownFileType = sourcecode.swift; path = NavigationView.swift; sourceTree = "<group>"; };
		60EFBB2025F498D00027B0E2 /* TextField+Extension.swift */ = {isa = PBXFileReference; lastKnownFileType = sourcecode.swift; path = "TextField+Extension.swift"; sourceTree = "<group>"; };
		60EFBB4625F4E21F0027B0E2 /* CustomAlertViewController.swift */ = {isa = PBXFileReference; lastKnownFileType = sourcecode.swift; path = CustomAlertViewController.swift; sourceTree = "<group>"; };
		60EFBB5925F658B90027B0E2 /* UIControl+Extension.swift */ = {isa = PBXFileReference; lastKnownFileType = sourcecode.swift; path = "UIControl+Extension.swift"; sourceTree = "<group>"; };
		60EFBB5E25F65F060027B0E2 /* ChangeMyInfoViewController.swift */ = {isa = PBXFileReference; lastKnownFileType = sourcecode.swift; path = ChangeMyInfoViewController.swift; sourceTree = "<group>"; };
		60EFBB6325F7AC110027B0E2 /* LockModeSettingViewController.swift */ = {isa = PBXFileReference; lastKnownFileType = sourcecode.swift; path = LockModeSettingViewController.swift; sourceTree = "<group>"; };
		60EFBB6D25F7C1CC0027B0E2 /* AlarmSettingViewController.swift */ = {isa = PBXFileReference; lastKnownFileType = sourcecode.swift; path = AlarmSettingViewController.swift; sourceTree = "<group>"; };
		60EFBB7225F8E3390027B0E2 /* TermsAndPersonalInfoProcessingViewController.swift */ = {isa = PBXFileReference; lastKnownFileType = sourcecode.swift; path = TermsAndPersonalInfoProcessingViewController.swift; sourceTree = "<group>"; };
		60EFBB7A25F8E5D90027B0E2 /* AppVersionViewController.swift */ = {isa = PBXFileReference; lastKnownFileType = sourcecode.swift; path = AppVersionViewController.swift; sourceTree = "<group>"; };
		60EFBB7F25F907F60027B0E2 /* UserInfoViewController.swift */ = {isa = PBXFileReference; lastKnownFileType = sourcecode.swift; path = UserInfoViewController.swift; sourceTree = "<group>"; };
		60EFBB8425F913240027B0E2 /* AccountManagementViewController.swift */ = {isa = PBXFileReference; lastKnownFileType = sourcecode.swift; path = AccountManagementViewController.swift; sourceTree = "<group>"; };
		60EFBB8E25FA5CBE0027B0E2 /* CompanyAnalysisIntroViewController.swift */ = {isa = PBXFileReference; lastKnownFileType = sourcecode.swift; path = CompanyAnalysisIntroViewController.swift; sourceTree = "<group>"; };
		60EFBB9325FA5E3D0027B0E2 /* IntroView.swift */ = {isa = PBXFileReference; lastKnownFileType = sourcecode.swift; path = IntroView.swift; sourceTree = "<group>"; };
		6B54B1B8FAF83E9D019956B0 /* Pods_ShareNoteTests.framework */ = {isa = PBXFileReference; explicitFileType = wrapper.framework; includeInIndex = 0; path = Pods_ShareNoteTests.framework; sourceTree = BUILT_PRODUCTS_DIR; };
		6D0D9251DF0F6FC82F37901F /* Pods-ShareNote.debug.xcconfig */ = {isa = PBXFileReference; includeInIndex = 1; lastKnownFileType = text.xcconfig; name = "Pods-ShareNote.debug.xcconfig"; path = "Target Support Files/Pods-ShareNote/Pods-ShareNote.debug.xcconfig"; sourceTree = "<group>"; };
		9696D885676D7977D9388A74 /* Pods-ShareNote.release.xcconfig */ = {isa = PBXFileReference; includeInIndex = 1; lastKnownFileType = text.xcconfig; name = "Pods-ShareNote.release.xcconfig"; path = "Target Support Files/Pods-ShareNote/Pods-ShareNote.release.xcconfig"; sourceTree = "<group>"; };
		EC64E44E704128825026FA46 /* Pods_ShareNote_ShareNoteUITests.framework */ = {isa = PBXFileReference; explicitFileType = wrapper.framework; includeInIndex = 0; path = Pods_ShareNote_ShareNoteUITests.framework; sourceTree = BUILT_PRODUCTS_DIR; };
		F71738D7BFB49AB3ED17188D /* Pods_ShareNote.framework */ = {isa = PBXFileReference; explicitFileType = wrapper.framework; includeInIndex = 0; path = Pods_ShareNote.framework; sourceTree = BUILT_PRODUCTS_DIR; };
/* End PBXFileReference section */

/* Begin PBXFrameworksBuildPhase section */
		60ADF4EA25792D37001A77C2 /* Frameworks */ = {
			isa = PBXFrameworksBuildPhase;
			buildActionMask = 2147483647;
			files = (
				F57A80599348E5AF8A58EF5F /* Pods_ShareNote.framework in Frameworks */,
			);
			runOnlyForDeploymentPostprocessing = 0;
		};
		60ADF50025792D39001A77C2 /* Frameworks */ = {
			isa = PBXFrameworksBuildPhase;
			buildActionMask = 2147483647;
			files = (
				306AAD33E666D3449669E416 /* Pods_ShareNoteTests.framework in Frameworks */,
			);
			runOnlyForDeploymentPostprocessing = 0;
		};
		60ADF50B25792D39001A77C2 /* Frameworks */ = {
			isa = PBXFrameworksBuildPhase;
			buildActionMask = 2147483647;
			files = (
				AF09F919E17FE9DCDBB2FA53 /* Pods_ShareNote_ShareNoteUITests.framework in Frameworks */,
			);
			runOnlyForDeploymentPostprocessing = 0;
		};
/* End PBXFrameworksBuildPhase section */

/* Begin PBXGroup section */
		0546ADD8A817E032EECF46EA /* Frameworks */ = {
			isa = PBXGroup;
			children = (
				601DDC87257C9E2C00DCB968 /* KakaoSDKCommon.framework */,
				F71738D7BFB49AB3ED17188D /* Pods_ShareNote.framework */,
				EC64E44E704128825026FA46 /* Pods_ShareNote_ShareNoteUITests.framework */,
				6B54B1B8FAF83E9D019956B0 /* Pods_ShareNoteTests.framework */,
			);
			name = Frameworks;
			sourceTree = "<group>";
		};
		601DDCD5257CE78E00DCB968 /* Resources */ = {
			isa = PBXGroup;
			children = (
				60966D6425BB181500C8E487 /* Font */,
				60ADF4F925792D39001A77C2 /* Assets.xcassets */,
				60EFBA0725D6A54F0027B0E2 /* ColorAssets.xcassets */,
			);
			path = Resources;
			sourceTree = "<group>";
		};
		601DDCD6257CE79000DCB968 /* ViewControllers */ = {
			isa = PBXGroup;
			children = (
				60966C5E25B9BAE900C8E487 /* MainTabBar */,
				60966C9F25B9BDEB00C8E487 /* Home */,
				60966CA025B9BDFD00C8E487 /* CompanyAnalysis */,
				60966CA125B9BE3E00C8E487 /* TradingLog */,
				60966CA225B9BE4F00C8E487 /* Bookmark */,
				60966CA325B9BE5E00C8E487 /* More */,
				6094166625A0933300D9DF42 /* Register */,
				60D3721C259F518E00BBAB36 /* Login */,
				60ADF4F425792D37001A77C2 /* ViewController.swift */,
				601DDC93257C9EEC00DCB968 /* UserPageViewController.swift */,
			);
			path = ViewControllers;
			sourceTree = "<group>";
		};
		601DDCE1257CE7F000DCB968 /* App */ = {
			isa = PBXGroup;
			children = (
				6084E1A4257E6C1D0069E763 /* GoogleService-Info.plist */,
				60ADF4FB25792D39001A77C2 /* LaunchScreen.storyboard */,
				60ADF4F025792D37001A77C2 /* AppDelegate.swift */,
				60ADF4F225792D37001A77C2 /* SceneDelegate.swift */,
				6094162E25A0156000D9DF42 /* AppCoordinator.swift */,
				60ADF4FE25792D39001A77C2 /* Info.plist */,
			);
			path = App;
			sourceTree = "<group>";
		};
		601DDCE2257CE8D900DCB968 /* Storyboards */ = {
			isa = PBXGroup;
			children = (
				60ADF4F625792D37001A77C2 /* Main.storyboard */,
			);
			path = Storyboards;
			sourceTree = "<group>";
		};
		6064CA8725BEF8D800E75D59 /* Custom */ = {
			isa = PBXGroup;
			children = (
				60EFBB1225F491D90027B0E2 /* NavigationView.swift */,
				60EFBADA25EE7AA60027B0E2 /* KeypadView.swift */,
				6064CA8825BEF8FC00E75D59 /* YearMonthPickerView.swift */,
				60EFBB4625F4E21F0027B0E2 /* CustomAlertViewController.swift */,
			);
			path = Custom;
			sourceTree = "<group>";
		};
		6081409025BD528B008E6CAF /* Extension */ = {
			isa = PBXGroup;
			children = (
				6081409125BD52CA008E6CAF /* Date+Extension.swift */,
				6064CA9B25C2F9F300E75D59 /* CALayer+Extension.swift */,
				6064CAA525C300E200E75D59 /* UIView+Extension.swift */,
				6064CB9625CD848900E75D59 /* UILabel+Extension.swift */,
				60308D8125D594220091ACC5 /* UISegmentControl+Extension.swift */,
				60308D8625D594370091ACC5 /* UIImaeg+Extension.swift */,
				60EFB9FD25D680270027B0E2 /* UIColor+Extension.swift */,
				60EFBA0225D68C5B0027B0E2 /* UIFont+Extension.swift */,
				60EFBA1425D6D7C60027B0E2 /* UIButton+Extension.swift */,
				60EFBB2025F498D00027B0E2 /* TextField+Extension.swift */,
				60EFBAAF25E2930A0027B0E2 /* SkyFloatingLabelTextField+Extension.swift */,
				60EFBB5925F658B90027B0E2 /* UIControl+Extension.swift */,
			);
			path = Extension;
			sourceTree = "<group>";
		};
		6094163725A0379400D9DF42 /* Reactor */ = {
			isa = PBXGroup;
			children = (
				6024832D25B084C900F446E9 /* LoginReactor.swift */,
				602483E925B3C93400F446E9 /* RegisterReactor.swift */,
			);
			path = Reactor;
			sourceTree = "<group>";
		};
		6094166625A0933300D9DF42 /* Register */ = {
			isa = PBXGroup;
			children = (
				60EFBA0C25D6CEBD0027B0E2 /* AuthenticationViewController.swift */,
				60EFBA9025DD570F0027B0E2 /* CertificationNumberViewController.swift */,
				60EFBAAA25E161F10027B0E2 /* PopupViewController.swift */,
				6094166725A0933D00D9DF42 /* RegisterViewController.swift */,
				60CD8E9F25A1E8E100C29F0E /* EmailTableViewCell.swift */,
				60CD8DC525A1C84800C29F0E /* EmailTableViewController.swift */,
				60EFBAB425EE6C0E0027B0E2 /* RegistSimplePasswordViewController.swift */,
			);
			path = Register;
			sourceTree = "<group>";
		};
		60966C5E25B9BAE900C8E487 /* MainTabBar */ = {
			isa = PBXGroup;
			children = (
				60966C5F25B9BB7B00C8E487 /* MainTabBarViewController.swift */,
			);
			path = MainTabBar;
			sourceTree = "<group>";
		};
		60966C9F25B9BDEB00C8E487 /* Home */ = {
			isa = PBXGroup;
			children = (
				60966CA425B9BF1100C8E487 /* HomeMainViewController.swift */,
			);
			path = Home;
			sourceTree = "<group>";
		};
		60966CA025B9BDFD00C8E487 /* CompanyAnalysis */ = {
			isa = PBXGroup;
			children = (
				60966CAC25B9BF2000C8E487 /* CompanyAnalysisMainViewController.swift */,
				609E13EB25FDC16200F80C1A /* AnalysisTableViewCell.swift */,
				60EFBB8E25FA5CBE0027B0E2 /* CompanyAnalysisIntroViewController.swift */,
				60EFBB9325FA5E3D0027B0E2 /* IntroView.swift */,
				609E13F025FDD02900F80C1A /* CategoryTableViewController.swift */,
				609E13F525FE0F7500F80C1A /* SelectionViewController.swift */,
				609E13FA25FE1B2300F80C1A /* CompanySelectionView.swift */,
				609E13FF25FE40CB00F80C1A /* CompanySearchViewController.swift */,
				609E140425FF890A00F80C1A /* QuestionSelectViewController.swift */,
				608410852600F549000FAE7B /* CategoryTableViewCell.swift */,
				6084108A2600F550000FAE7B /* QuestionTableViewCell.swift */,
				6084108F260247B3000FAE7B /* QuestionConfirmViewController.swift */,
				608410942603A4CB000FAE7B /* QuestionConfirmTableViewCell.swift */,
				6084109926078089000FAE7B /* WriteCompanyAnalysisViewController.swift */,
				6084109E2608C87E000FAE7B /* QuestListTableViewCell.swift */,
				608410A32608DD45000FAE7B /* InputTextViewController.swift */,
				608410A8260A0DCD000FAE7B /* CompleteCompanyAnalysisViewController.swift */,
				608410AD260A127E000FAE7B /* CompleteCompanyAnalysisTableViewCell.swift */,
			);
			path = CompanyAnalysis;
			sourceTree = "<group>";
		};
		60966CA125B9BE3E00C8E487 /* TradingLog */ = {
			isa = PBXGroup;
			children = (
				60966CB125B9BFC400C8E487 /* TradingLogMainViewController.swift */,
				6064CA9325C1058000E75D59 /* TradingNoneTableViewCell.swift */,
				6064CAA025C2FCB500E75D59 /* TradingLogTableViewCell.swift */,
				6064CACB25C6884600E75D59 /* WriteTradingLogViewController.swift */,
				6064CB8625CC4BD300E75D59 /* AddTradingShareViewController.swift */,
				60308D5B25D436850091ACC5 /* CompleteTradingLogViewController.swift */,
				6064CB7C25C8443C00E75D59 /* TradingSharePagerViewCell.swift */,
				6064CB8125CC394100E75D59 /* ArticlePagerViewCell.swift */,
				60308CF825D000B80091ACC5 /* TextFieldView.swift */,
				60308CFD25D000D80091ACC5 /* CategoryButton.swift */,
			);
			path = TradingLog;
			sourceTree = "<group>";
		};
		60966CA225B9BE4F00C8E487 /* Bookmark */ = {
			isa = PBXGroup;
			children = (
				60966CB625B9BFD000C8E487 /* BookmarkMainViewController.swift */,
			);
			path = Bookmark;
			sourceTree = "<group>";
		};
		60966CA325B9BE5E00C8E487 /* More */ = {
			isa = PBXGroup;
			children = (
				60966CBB25B9BFD800C8E487 /* MoreMainViewController.swift */,
				60EFBB0325F484900027B0E2 /* MoreMenuTableViewCell.swift */,
				60EFBB0825F489CB0027B0E2 /* MoreMenuHeaderView.swift */,
				60EFBB0D25F4906B0027B0E2 /* ChangePasswordViewController.swift */,
				60EFBB5E25F65F060027B0E2 /* ChangeMyInfoViewController.swift */,
				60EFBB6325F7AC110027B0E2 /* LockModeSettingViewController.swift */,
				60EFBB6D25F7C1CC0027B0E2 /* AlarmSettingViewController.swift */,
				60EFBB7225F8E3390027B0E2 /* TermsAndPersonalInfoProcessingViewController.swift */,
				60EFBB7A25F8E5D90027B0E2 /* AppVersionViewController.swift */,
				60EFBB7F25F907F60027B0E2 /* UserInfoViewController.swift */,
				60EFBB8425F913240027B0E2 /* AccountManagementViewController.swift */,
			);
			path = More;
			sourceTree = "<group>";
		};
		60966D6425BB181500C8E487 /* Font */ = {
			isa = PBXGroup;
			children = (
				6081403125BD2EC7008E6CAF /* Spoqa Han Sans Neo Bold.otf */,
				6081402F25BD2EC7008E6CAF /* Spoqa Han Sans Neo Light.otf */,
				6081403025BD2EC7008E6CAF /* Spoqa Han Sans Neo Medium.otf */,
				6081403325BD2EC7008E6CAF /* Spoqa Han Sans Neo Regular.otf */,
				6081403225BD2EC7008E6CAF /* Spoqa Han Sans Neo Thin.otf */,
			);
			path = Font;
			sourceTree = "<group>";
		};
		60ADF4E425792D37001A77C2 = {
			isa = PBXGroup;
			children = (
				601DDCEF257CEBEF00DCB968 /* AppKey.swift */,
				60ADF4EF25792D37001A77C2 /* ShareNote */,
				60ADF50625792D39001A77C2 /* ShareNoteTests */,
				60ADF51125792D39001A77C2 /* ShareNoteUITests */,
				60ADF4EE25792D37001A77C2 /* Products */,
				9072CAB2B8291737F02B9C57 /* Pods */,
				0546ADD8A817E032EECF46EA /* Frameworks */,
			);
			sourceTree = "<group>";
		};
		60ADF4EE25792D37001A77C2 /* Products */ = {
			isa = PBXGroup;
			children = (
				60ADF4ED25792D37001A77C2 /* ShareNote.app */,
				60ADF50325792D39001A77C2 /* ShareNoteTests.xctest */,
				60ADF50E25792D39001A77C2 /* ShareNoteUITests.xctest */,
			);
			name = Products;
			sourceTree = "<group>";
		};
		60ADF4EF25792D37001A77C2 /* ShareNote */ = {
			isa = PBXGroup;
			children = (
				60C0D064258F7F98006FF0F9 /* ShareNote.entitlements */,
				601DDCE1257CE7F000DCB968 /* App */,
				601DDCD6257CE79000DCB968 /* ViewControllers */,
				6094163725A0379400D9DF42 /* Reactor */,
				60C0CC8A25865B1D006FF0F9 /* Network */,
				60C0CCB625866807006FF0F9 /* Model */,
				6064CA8725BEF8D800E75D59 /* Custom */,
				6081409025BD528B008E6CAF /* Extension */,
				601DDCD5257CE78E00DCB968 /* Resources */,
				601DDCE2257CE8D900DCB968 /* Storyboards */,
			);
			path = ShareNote;
			sourceTree = "<group>";
		};
		60ADF50625792D39001A77C2 /* ShareNoteTests */ = {
			isa = PBXGroup;
			children = (
				60ADF50725792D39001A77C2 /* ShareNoteTests.swift */,
				60ADF50925792D39001A77C2 /* Info.plist */,
			);
			path = ShareNoteTests;
			sourceTree = "<group>";
		};
		60ADF51125792D39001A77C2 /* ShareNoteUITests */ = {
			isa = PBXGroup;
			children = (
				60ADF51225792D39001A77C2 /* ShareNoteUITests.swift */,
				60ADF51425792D39001A77C2 /* Info.plist */,
			);
			path = ShareNoteUITests;
			sourceTree = "<group>";
		};
		60C0CC8A25865B1D006FF0F9 /* Network */ = {
			isa = PBXGroup;
			children = (
				60C0CD482587B6EB006FF0F9 /* NetworkHelper.swift */,
			);
			path = Network;
			sourceTree = "<group>";
		};
		60C0CCB625866807006FF0F9 /* Model */ = {
			isa = PBXGroup;
			children = (
				60C0CCB725866A6A006FF0F9 /* JsonData.swift */,
				60C0D0A1258F937B006FF0F9 /* User.swift */,
				60C0D0A6258F93BC006FF0F9 /* Category.swift */,
				60BCD5182591805B0025D3F5 /* Tag.swift */,
			);
			path = Model;
			sourceTree = "<group>";
		};
		60D3721C259F518E00BBAB36 /* Login */ = {
			isa = PBXGroup;
			children = (
				60D37217259F514A00BBAB36 /* LoginViewController.swift */,
				60CD8FFD25AADB4900C29F0E /* SimplePasswordViewController.swift */,
				60CD906B25AB0DF200C29F0E /* PasswordKeypadView.swift */,
			);
			path = Login;
			sourceTree = "<group>";
		};
		9072CAB2B8291737F02B9C57 /* Pods */ = {
			isa = PBXGroup;
			children = (
				6D0D9251DF0F6FC82F37901F /* Pods-ShareNote.debug.xcconfig */,
				9696D885676D7977D9388A74 /* Pods-ShareNote.release.xcconfig */,
				38727C1481A398597264B0FC /* Pods-ShareNote-ShareNoteUITests.debug.xcconfig */,
				0A632BF3D8B96B0BDDF90E32 /* Pods-ShareNote-ShareNoteUITests.release.xcconfig */,
				31653BC4C65497367731A980 /* Pods-ShareNoteTests.debug.xcconfig */,
				237C287BBC831C6DB806993C /* Pods-ShareNoteTests.release.xcconfig */,
			);
			path = Pods;
			sourceTree = "<group>";
		};
/* End PBXGroup section */

/* Begin PBXNativeTarget section */
		60ADF4EC25792D37001A77C2 /* ShareNote */ = {
			isa = PBXNativeTarget;
			buildConfigurationList = 60ADF51725792D39001A77C2 /* Build configuration list for PBXNativeTarget "ShareNote" */;
			buildPhases = (
				F51D567B48D2E996177B65A0 /* [CP] Check Pods Manifest.lock */,
				60ADF4E925792D37001A77C2 /* Sources */,
				60ADF4EA25792D37001A77C2 /* Frameworks */,
				60ADF4EB25792D37001A77C2 /* Resources */,
				143346A64F3927E04AC531B0 /* [CP] Embed Pods Frameworks */,
				D787A6755EA60307703DAE52 /* [CP] Copy Pods Resources */,
			);
			buildRules = (
			);
			dependencies = (
			);
			name = ShareNote;
			productName = ShareNote;
			productReference = 60ADF4ED25792D37001A77C2 /* ShareNote.app */;
			productType = "com.apple.product-type.application";
		};
		60ADF50225792D39001A77C2 /* ShareNoteTests */ = {
			isa = PBXNativeTarget;
			buildConfigurationList = 60ADF51A25792D39001A77C2 /* Build configuration list for PBXNativeTarget "ShareNoteTests" */;
			buildPhases = (
				08D4098E25F0239C0BE80E46 /* [CP] Check Pods Manifest.lock */,
				60ADF4FF25792D39001A77C2 /* Sources */,
				60ADF50025792D39001A77C2 /* Frameworks */,
				60ADF50125792D39001A77C2 /* Resources */,
			);
			buildRules = (
			);
			dependencies = (
				60ADF50525792D39001A77C2 /* PBXTargetDependency */,
			);
			name = ShareNoteTests;
			productName = ShareNoteTests;
			productReference = 60ADF50325792D39001A77C2 /* ShareNoteTests.xctest */;
			productType = "com.apple.product-type.bundle.unit-test";
		};
		60ADF50D25792D39001A77C2 /* ShareNoteUITests */ = {
			isa = PBXNativeTarget;
			buildConfigurationList = 60ADF51D25792D39001A77C2 /* Build configuration list for PBXNativeTarget "ShareNoteUITests" */;
			buildPhases = (
				592A86C5ED23EC8F275CFE77 /* [CP] Check Pods Manifest.lock */,
				60ADF50A25792D39001A77C2 /* Sources */,
				60ADF50B25792D39001A77C2 /* Frameworks */,
				60ADF50C25792D39001A77C2 /* Resources */,
				C3588955831B56834D736A6F /* [CP] Embed Pods Frameworks */,
				AAE4F3A1AE49757FB4148354 /* [CP] Copy Pods Resources */,
			);
			buildRules = (
			);
			dependencies = (
				60ADF51025792D39001A77C2 /* PBXTargetDependency */,
			);
			name = ShareNoteUITests;
			productName = ShareNoteUITests;
			productReference = 60ADF50E25792D39001A77C2 /* ShareNoteUITests.xctest */;
			productType = "com.apple.product-type.bundle.ui-testing";
		};
/* End PBXNativeTarget section */

/* Begin PBXProject section */
		60ADF4E525792D37001A77C2 /* Project object */ = {
			isa = PBXProject;
			attributes = {
				LastSwiftUpdateCheck = 1200;
				LastUpgradeCheck = 1200;
				TargetAttributes = {
					60ADF4EC25792D37001A77C2 = {
						CreatedOnToolsVersion = 12.0.1;
					};
					60ADF50225792D39001A77C2 = {
						CreatedOnToolsVersion = 12.0.1;
						TestTargetID = 60ADF4EC25792D37001A77C2;
					};
					60ADF50D25792D39001A77C2 = {
						CreatedOnToolsVersion = 12.0.1;
						TestTargetID = 60ADF4EC25792D37001A77C2;
					};
				};
			};
			buildConfigurationList = 60ADF4E825792D37001A77C2 /* Build configuration list for PBXProject "ShareNote" */;
			compatibilityVersion = "Xcode 9.3";
			developmentRegion = en;
			hasScannedForEncodings = 0;
			knownRegions = (
				en,
				Base,
			);
			mainGroup = 60ADF4E425792D37001A77C2;
			productRefGroup = 60ADF4EE25792D37001A77C2 /* Products */;
			projectDirPath = "";
			projectRoot = "";
			targets = (
				60ADF4EC25792D37001A77C2 /* ShareNote */,
				60ADF50225792D39001A77C2 /* ShareNoteTests */,
				60ADF50D25792D39001A77C2 /* ShareNoteUITests */,
			);
		};
/* End PBXProject section */

/* Begin PBXResourcesBuildPhase section */
		60ADF4EB25792D37001A77C2 /* Resources */ = {
			isa = PBXResourcesBuildPhase;
			buildActionMask = 2147483647;
			files = (
				60EFBA0825D6A54F0027B0E2 /* ColorAssets.xcassets in Resources */,
				6081403425BD2EC7008E6CAF /* Spoqa Han Sans Neo Light.otf in Resources */,
				6081403625BD2EC7008E6CAF /* Spoqa Han Sans Neo Bold.otf in Resources */,
				60ADF4FD25792D39001A77C2 /* LaunchScreen.storyboard in Resources */,
				6084E1A5257E6C1D0069E763 /* GoogleService-Info.plist in Resources */,
				6081403525BD2EC7008E6CAF /* Spoqa Han Sans Neo Medium.otf in Resources */,
				6081403825BD2EC7008E6CAF /* Spoqa Han Sans Neo Regular.otf in Resources */,
				60ADF4FA25792D39001A77C2 /* Assets.xcassets in Resources */,
				60ADF4F825792D37001A77C2 /* Main.storyboard in Resources */,
				6081403725BD2EC7008E6CAF /* Spoqa Han Sans Neo Thin.otf in Resources */,
			);
			runOnlyForDeploymentPostprocessing = 0;
		};
		60ADF50125792D39001A77C2 /* Resources */ = {
			isa = PBXResourcesBuildPhase;
			buildActionMask = 2147483647;
			files = (
			);
			runOnlyForDeploymentPostprocessing = 0;
		};
		60ADF50C25792D39001A77C2 /* Resources */ = {
			isa = PBXResourcesBuildPhase;
			buildActionMask = 2147483647;
			files = (
			);
			runOnlyForDeploymentPostprocessing = 0;
		};
/* End PBXResourcesBuildPhase section */

/* Begin PBXShellScriptBuildPhase section */
		08D4098E25F0239C0BE80E46 /* [CP] Check Pods Manifest.lock */ = {
			isa = PBXShellScriptBuildPhase;
			buildActionMask = 2147483647;
			files = (
			);
			inputFileListPaths = (
			);
			inputPaths = (
				"${PODS_PODFILE_DIR_PATH}/Podfile.lock",
				"${PODS_ROOT}/Manifest.lock",
			);
			name = "[CP] Check Pods Manifest.lock";
			outputFileListPaths = (
			);
			outputPaths = (
				"$(DERIVED_FILE_DIR)/Pods-ShareNoteTests-checkManifestLockResult.txt",
			);
			runOnlyForDeploymentPostprocessing = 0;
			shellPath = /bin/sh;
			shellScript = "diff \"${PODS_PODFILE_DIR_PATH}/Podfile.lock\" \"${PODS_ROOT}/Manifest.lock\" > /dev/null\nif [ $? != 0 ] ; then\n    # print error to STDERR\n    echo \"error: The sandbox is not in sync with the Podfile.lock. Run 'pod install' or update your CocoaPods installation.\" >&2\n    exit 1\nfi\n# This output is used by Xcode 'outputs' to avoid re-running this script phase.\necho \"SUCCESS\" > \"${SCRIPT_OUTPUT_FILE_0}\"\n";
			showEnvVarsInLog = 0;
		};
		143346A64F3927E04AC531B0 /* [CP] Embed Pods Frameworks */ = {
			isa = PBXShellScriptBuildPhase;
			buildActionMask = 2147483647;
			files = (
			);
			inputFileListPaths = (
				"${PODS_ROOT}/Target Support Files/Pods-ShareNote/Pods-ShareNote-frameworks-${CONFIGURATION}-input-files.xcfilelist",
			);
			name = "[CP] Embed Pods Frameworks";
			outputFileListPaths = (
				"${PODS_ROOT}/Target Support Files/Pods-ShareNote/Pods-ShareNote-frameworks-${CONFIGURATION}-output-files.xcfilelist",
			);
			runOnlyForDeploymentPostprocessing = 0;
			shellPath = /bin/sh;
			shellScript = "\"${PODS_ROOT}/Target Support Files/Pods-ShareNote/Pods-ShareNote-frameworks.sh\"\n";
			showEnvVarsInLog = 0;
		};
		592A86C5ED23EC8F275CFE77 /* [CP] Check Pods Manifest.lock */ = {
			isa = PBXShellScriptBuildPhase;
			buildActionMask = 2147483647;
			files = (
			);
			inputFileListPaths = (
			);
			inputPaths = (
				"${PODS_PODFILE_DIR_PATH}/Podfile.lock",
				"${PODS_ROOT}/Manifest.lock",
			);
			name = "[CP] Check Pods Manifest.lock";
			outputFileListPaths = (
			);
			outputPaths = (
				"$(DERIVED_FILE_DIR)/Pods-ShareNote-ShareNoteUITests-checkManifestLockResult.txt",
			);
			runOnlyForDeploymentPostprocessing = 0;
			shellPath = /bin/sh;
			shellScript = "diff \"${PODS_PODFILE_DIR_PATH}/Podfile.lock\" \"${PODS_ROOT}/Manifest.lock\" > /dev/null\nif [ $? != 0 ] ; then\n    # print error to STDERR\n    echo \"error: The sandbox is not in sync with the Podfile.lock. Run 'pod install' or update your CocoaPods installation.\" >&2\n    exit 1\nfi\n# This output is used by Xcode 'outputs' to avoid re-running this script phase.\necho \"SUCCESS\" > \"${SCRIPT_OUTPUT_FILE_0}\"\n";
			showEnvVarsInLog = 0;
		};
		AAE4F3A1AE49757FB4148354 /* [CP] Copy Pods Resources */ = {
			isa = PBXShellScriptBuildPhase;
			buildActionMask = 2147483647;
			files = (
			);
			inputFileListPaths = (
				"${PODS_ROOT}/Target Support Files/Pods-ShareNote-ShareNoteUITests/Pods-ShareNote-ShareNoteUITests-resources-${CONFIGURATION}-input-files.xcfilelist",
			);
			name = "[CP] Copy Pods Resources";
			outputFileListPaths = (
				"${PODS_ROOT}/Target Support Files/Pods-ShareNote-ShareNoteUITests/Pods-ShareNote-ShareNoteUITests-resources-${CONFIGURATION}-output-files.xcfilelist",
			);
			runOnlyForDeploymentPostprocessing = 0;
			shellPath = /bin/sh;
			shellScript = "\"${PODS_ROOT}/Target Support Files/Pods-ShareNote-ShareNoteUITests/Pods-ShareNote-ShareNoteUITests-resources.sh\"\n";
			showEnvVarsInLog = 0;
		};
		C3588955831B56834D736A6F /* [CP] Embed Pods Frameworks */ = {
			isa = PBXShellScriptBuildPhase;
			buildActionMask = 2147483647;
			files = (
			);
			inputFileListPaths = (
				"${PODS_ROOT}/Target Support Files/Pods-ShareNote-ShareNoteUITests/Pods-ShareNote-ShareNoteUITests-frameworks-${CONFIGURATION}-input-files.xcfilelist",
			);
			name = "[CP] Embed Pods Frameworks";
			outputFileListPaths = (
				"${PODS_ROOT}/Target Support Files/Pods-ShareNote-ShareNoteUITests/Pods-ShareNote-ShareNoteUITests-frameworks-${CONFIGURATION}-output-files.xcfilelist",
			);
			runOnlyForDeploymentPostprocessing = 0;
			shellPath = /bin/sh;
			shellScript = "\"${PODS_ROOT}/Target Support Files/Pods-ShareNote-ShareNoteUITests/Pods-ShareNote-ShareNoteUITests-frameworks.sh\"\n";
			showEnvVarsInLog = 0;
		};
		D787A6755EA60307703DAE52 /* [CP] Copy Pods Resources */ = {
			isa = PBXShellScriptBuildPhase;
			buildActionMask = 2147483647;
			files = (
			);
			inputFileListPaths = (
				"${PODS_ROOT}/Target Support Files/Pods-ShareNote/Pods-ShareNote-resources-${CONFIGURATION}-input-files.xcfilelist",
			);
			name = "[CP] Copy Pods Resources";
			outputFileListPaths = (
				"${PODS_ROOT}/Target Support Files/Pods-ShareNote/Pods-ShareNote-resources-${CONFIGURATION}-output-files.xcfilelist",
			);
			runOnlyForDeploymentPostprocessing = 0;
			shellPath = /bin/sh;
			shellScript = "\"${PODS_ROOT}/Target Support Files/Pods-ShareNote/Pods-ShareNote-resources.sh\"\n";
			showEnvVarsInLog = 0;
		};
		F51D567B48D2E996177B65A0 /* [CP] Check Pods Manifest.lock */ = {
			isa = PBXShellScriptBuildPhase;
			buildActionMask = 2147483647;
			files = (
			);
			inputFileListPaths = (
			);
			inputPaths = (
				"${PODS_PODFILE_DIR_PATH}/Podfile.lock",
				"${PODS_ROOT}/Manifest.lock",
			);
			name = "[CP] Check Pods Manifest.lock";
			outputFileListPaths = (
			);
			outputPaths = (
				"$(DERIVED_FILE_DIR)/Pods-ShareNote-checkManifestLockResult.txt",
			);
			runOnlyForDeploymentPostprocessing = 0;
			shellPath = /bin/sh;
			shellScript = "diff \"${PODS_PODFILE_DIR_PATH}/Podfile.lock\" \"${PODS_ROOT}/Manifest.lock\" > /dev/null\nif [ $? != 0 ] ; then\n    # print error to STDERR\n    echo \"error: The sandbox is not in sync with the Podfile.lock. Run 'pod install' or update your CocoaPods installation.\" >&2\n    exit 1\nfi\n# This output is used by Xcode 'outputs' to avoid re-running this script phase.\necho \"SUCCESS\" > \"${SCRIPT_OUTPUT_FILE_0}\"\n";
			showEnvVarsInLog = 0;
		};
/* End PBXShellScriptBuildPhase section */

/* Begin PBXSourcesBuildPhase section */
		60ADF4E925792D37001A77C2 /* Sources */ = {
			isa = PBXSourcesBuildPhase;
			buildActionMask = 2147483647;
			files = (
				6084109F2608C87E000FAE7B /* QuestListTableViewCell.swift in Sources */,
				602483EA25B3C93400F446E9 /* RegisterReactor.swift in Sources */,
				60966CBC25B9BFD800C8E487 /* MoreMainViewController.swift in Sources */,
				60EFBB0425F484900027B0E2 /* MoreMenuTableViewCell.swift in Sources */,
				6094162F25A0156000D9DF42 /* AppCoordinator.swift in Sources */,
				60EFBB2125F498D00027B0E2 /* TextField+Extension.swift in Sources */,
				60966CB725B9BFD000C8E487 /* BookmarkMainViewController.swift in Sources */,
				60EFBB5F25F65F060027B0E2 /* ChangeMyInfoViewController.swift in Sources */,
				608410AE260A127E000FAE7B /* CompleteCompanyAnalysisTableViewCell.swift in Sources */,
				60ADF4F525792D37001A77C2 /* ViewController.swift in Sources */,
				60ADF4F125792D37001A77C2 /* AppDelegate.swift in Sources */,
				6064CB8725CC4BD300E75D59 /* AddTradingShareViewController.swift in Sources */,
				6064CA9425C1058000E75D59 /* TradingNoneTableViewCell.swift in Sources */,
				6064CB9725CD848900E75D59 /* UILabel+Extension.swift in Sources */,
				60BCD5192591805B0025D3F5 /* Tag.swift in Sources */,
				609E13FB25FE1B2300F80C1A /* CompanySelectionView.swift in Sources */,
				608410862600F549000FAE7B /* CategoryTableViewCell.swift in Sources */,
				60EFBB4725F4E21F0027B0E2 /* CustomAlertViewController.swift in Sources */,
				6064CAA125C2FCB500E75D59 /* TradingLogTableViewCell.swift in Sources */,
				60C0CD492587B6EB006FF0F9 /* NetworkHelper.swift in Sources */,
				601DDC94257C9EEC00DCB968 /* UserPageViewController.swift in Sources */,
				6064CACC25C6884600E75D59 /* WriteTradingLogViewController.swift in Sources */,
				60C0D0A2258F937B006FF0F9 /* User.swift in Sources */,
				60CD8DC625A1C84800C29F0E /* EmailTableViewController.swift in Sources */,
				6064CB7D25C8443C00E75D59 /* TradingSharePagerViewCell.swift in Sources */,
				60C0D0A7258F93BC006FF0F9 /* Category.swift in Sources */,
				6084109A26078089000FAE7B /* WriteCompanyAnalysisViewController.swift in Sources */,
				609E140025FE40CB00F80C1A /* CompanySearchViewController.swift in Sources */,
				60EFBB8025F907F60027B0E2 /* UserInfoViewController.swift in Sources */,
				60308D8225D594220091ACC5 /* UISegmentControl+Extension.swift in Sources */,
				6094166825A0933D00D9DF42 /* RegisterViewController.swift in Sources */,
				60966CAD25B9BF2000C8E487 /* CompanyAnalysisMainViewController.swift in Sources */,
				609E140525FF890B00F80C1A /* QuestionSelectViewController.swift in Sources */,
				60EFBA0325D68C5B0027B0E2 /* UIFont+Extension.swift in Sources */,
				60EFB9FE25D680270027B0E2 /* UIColor+Extension.swift in Sources */,
				60EFBB8F25FA5CBE0027B0E2 /* CompanyAnalysisIntroViewController.swift in Sources */,
				60EFBA1525D6D7C60027B0E2 /* UIButton+Extension.swift in Sources */,
				60ADF4F325792D37001A77C2 /* SceneDelegate.swift in Sources */,
				60EFBAB525EE6C0E0027B0E2 /* RegistSimplePasswordViewController.swift in Sources */,
				60308CFE25D000D80091ACC5 /* CategoryButton.swift in Sources */,
				6081409225BD52CA008E6CAF /* Date+Extension.swift in Sources */,
				60308D8725D594370091ACC5 /* UIImaeg+Extension.swift in Sources */,
				60CD8EA025A1E8E100C29F0E /* EmailTableViewCell.swift in Sources */,
				60EFBA0D25D6CEBD0027B0E2 /* AuthenticationViewController.swift in Sources */,
				609E13EC25FDC16200F80C1A /* AnalysisTableViewCell.swift in Sources */,
				60EFBB5A25F658B90027B0E2 /* UIControl+Extension.swift in Sources */,
				60966CA525B9BF1100C8E487 /* HomeMainViewController.swift in Sources */,
				601DDCF0257CEBEF00DCB968 /* AppKey.swift in Sources */,
				60EFBAB025E2930A0027B0E2 /* SkyFloatingLabelTextField+Extension.swift in Sources */,
				60EFBB0925F489CB0027B0E2 /* MoreMenuHeaderView.swift in Sources */,
				60EFBB8625F913240027B0E2 /* AccountManagementViewController.swift in Sources */,
				6064CB8225CC394100E75D59 /* ArticlePagerViewCell.swift in Sources */,
				60EFBB6425F7AC110027B0E2 /* LockModeSettingViewController.swift in Sources */,
				6064CA9C25C2F9F300E75D59 /* CALayer+Extension.swift in Sources */,
				60EFBAAB25E161F10027B0E2 /* PopupViewController.swift in Sources */,
				60EFBB0E25F4906B0027B0E2 /* ChangePasswordViewController.swift in Sources */,
				6084108B2600F550000FAE7B /* QuestionTableViewCell.swift in Sources */,
				608410952603A4CB000FAE7B /* QuestionConfirmTableViewCell.swift in Sources */,
				608410A9260A0DCD000FAE7B /* CompleteCompanyAnalysisViewController.swift in Sources */,
				609E13F625FE0F7500F80C1A /* SelectionViewController.swift in Sources */,
				60EFBB7B25F8E5D90027B0E2 /* AppVersionViewController.swift in Sources */,
				60CD906C25AB0DF200C29F0E /* PasswordKeypadView.swift in Sources */,
				609E13F125FDD02900F80C1A /* CategoryTableViewController.swift in Sources */,
				60308CF925D000B80091ACC5 /* TextFieldView.swift in Sources */,
				60308D5C25D436850091ACC5 /* CompleteTradingLogViewController.swift in Sources */,
				608410A42608DD45000FAE7B /* InputTextViewController.swift in Sources */,
				6024832E25B084C900F446E9 /* LoginReactor.swift in Sources */,
				60EFBB9425FA5E3D0027B0E2 /* IntroView.swift in Sources */,
				60EFBA9125DD570F0027B0E2 /* CertificationNumberViewController.swift in Sources */,
				60EFBB6E25F7C1CC0027B0E2 /* AlarmSettingViewController.swift in Sources */,
				6064CA8925BEF8FC00E75D59 /* YearMonthPickerView.swift in Sources */,
				60CD8FFE25AADB4900C29F0E /* SimplePasswordViewController.swift in Sources */,
				6064CAA625C300E200E75D59 /* UIView+Extension.swift in Sources */,
				60C0CCB825866A6A006FF0F9 /* JsonData.swift in Sources */,
				60EFBADB25EE7AA60027B0E2 /* KeypadView.swift in Sources */,
				60EFBB7325F8E3390027B0E2 /* TermsAndPersonalInfoProcessingViewController.swift in Sources */,
				60D37218259F514A00BBAB36 /* LoginViewController.swift in Sources */,
				60EFBB1325F491D90027B0E2 /* NavigationView.swift in Sources */,
				60841090260247B3000FAE7B /* QuestionConfirmViewController.swift in Sources */,
				60966C6025B9BB7B00C8E487 /* MainTabBarViewController.swift in Sources */,
				60966CB225B9BFC400C8E487 /* TradingLogMainViewController.swift in Sources */,
			);
			runOnlyForDeploymentPostprocessing = 0;
		};
		60ADF4FF25792D39001A77C2 /* Sources */ = {
			isa = PBXSourcesBuildPhase;
			buildActionMask = 2147483647;
			files = (
				60ADF50825792D39001A77C2 /* ShareNoteTests.swift in Sources */,
			);
			runOnlyForDeploymentPostprocessing = 0;
		};
		60ADF50A25792D39001A77C2 /* Sources */ = {
			isa = PBXSourcesBuildPhase;
			buildActionMask = 2147483647;
			files = (
				60ADF51325792D39001A77C2 /* ShareNoteUITests.swift in Sources */,
			);
			runOnlyForDeploymentPostprocessing = 0;
		};
/* End PBXSourcesBuildPhase section */

/* Begin PBXTargetDependency section */
		60ADF50525792D39001A77C2 /* PBXTargetDependency */ = {
			isa = PBXTargetDependency;
			target = 60ADF4EC25792D37001A77C2 /* ShareNote */;
			targetProxy = 60ADF50425792D39001A77C2 /* PBXContainerItemProxy */;
		};
		60ADF51025792D39001A77C2 /* PBXTargetDependency */ = {
			isa = PBXTargetDependency;
			target = 60ADF4EC25792D37001A77C2 /* ShareNote */;
			targetProxy = 60ADF50F25792D39001A77C2 /* PBXContainerItemProxy */;
		};
/* End PBXTargetDependency section */

/* Begin PBXVariantGroup section */
		60ADF4F625792D37001A77C2 /* Main.storyboard */ = {
			isa = PBXVariantGroup;
			children = (
				60ADF4F725792D37001A77C2 /* Base */,
			);
			name = Main.storyboard;
			sourceTree = "<group>";
		};
		60ADF4FB25792D39001A77C2 /* LaunchScreen.storyboard */ = {
			isa = PBXVariantGroup;
			children = (
				60ADF4FC25792D39001A77C2 /* Base */,
			);
			name = LaunchScreen.storyboard;
			sourceTree = "<group>";
		};
/* End PBXVariantGroup section */

/* Begin XCBuildConfiguration section */
		60ADF51525792D39001A77C2 /* Debug */ = {
			isa = XCBuildConfiguration;
			buildSettings = {
				ALWAYS_SEARCH_USER_PATHS = NO;
				CLANG_ANALYZER_NONNULL = YES;
				CLANG_ANALYZER_NUMBER_OBJECT_CONVERSION = YES_AGGRESSIVE;
				CLANG_CXX_LANGUAGE_STANDARD = "gnu++14";
				CLANG_CXX_LIBRARY = "libc++";
				CLANG_ENABLE_MODULES = YES;
				CLANG_ENABLE_OBJC_ARC = YES;
				CLANG_ENABLE_OBJC_WEAK = YES;
				CLANG_WARN_BLOCK_CAPTURE_AUTORELEASING = YES;
				CLANG_WARN_BOOL_CONVERSION = YES;
				CLANG_WARN_COMMA = YES;
				CLANG_WARN_CONSTANT_CONVERSION = YES;
				CLANG_WARN_DEPRECATED_OBJC_IMPLEMENTATIONS = YES;
				CLANG_WARN_DIRECT_OBJC_ISA_USAGE = YES_ERROR;
				CLANG_WARN_DOCUMENTATION_COMMENTS = YES;
				CLANG_WARN_EMPTY_BODY = YES;
				CLANG_WARN_ENUM_CONVERSION = YES;
				CLANG_WARN_INFINITE_RECURSION = YES;
				CLANG_WARN_INT_CONVERSION = YES;
				CLANG_WARN_NON_LITERAL_NULL_CONVERSION = YES;
				CLANG_WARN_OBJC_IMPLICIT_RETAIN_SELF = YES;
				CLANG_WARN_OBJC_LITERAL_CONVERSION = YES;
				CLANG_WARN_OBJC_ROOT_CLASS = YES_ERROR;
				CLANG_WARN_QUOTED_INCLUDE_IN_FRAMEWORK_HEADER = YES;
				CLANG_WARN_RANGE_LOOP_ANALYSIS = YES;
				CLANG_WARN_STRICT_PROTOTYPES = YES;
				CLANG_WARN_SUSPICIOUS_MOVE = YES;
				CLANG_WARN_UNGUARDED_AVAILABILITY = YES_AGGRESSIVE;
				CLANG_WARN_UNREACHABLE_CODE = YES;
				CLANG_WARN__DUPLICATE_METHOD_MATCH = YES;
				COPY_PHASE_STRIP = NO;
				DEBUG_INFORMATION_FORMAT = dwarf;
				ENABLE_STRICT_OBJC_MSGSEND = YES;
				ENABLE_TESTABILITY = YES;
				GCC_C_LANGUAGE_STANDARD = gnu11;
				GCC_DYNAMIC_NO_PIC = NO;
				GCC_NO_COMMON_BLOCKS = YES;
				GCC_OPTIMIZATION_LEVEL = 0;
				GCC_PREPROCESSOR_DEFINITIONS = (
					"DEBUG=1",
					"$(inherited)",
				);
				GCC_WARN_64_TO_32_BIT_CONVERSION = YES;
				GCC_WARN_ABOUT_RETURN_TYPE = YES_ERROR;
				GCC_WARN_UNDECLARED_SELECTOR = YES;
				GCC_WARN_UNINITIALIZED_AUTOS = YES_AGGRESSIVE;
				GCC_WARN_UNUSED_FUNCTION = YES;
				GCC_WARN_UNUSED_VARIABLE = YES;
				IPHONEOS_DEPLOYMENT_TARGET = 12.0;
				MTL_ENABLE_DEBUG_INFO = INCLUDE_SOURCE;
				MTL_FAST_MATH = YES;
				ONLY_ACTIVE_ARCH = YES;
				SDKROOT = iphoneos;
				SWIFT_ACTIVE_COMPILATION_CONDITIONS = DEBUG;
				SWIFT_OPTIMIZATION_LEVEL = "-Onone";
			};
			name = Debug;
		};
		60ADF51625792D39001A77C2 /* Release */ = {
			isa = XCBuildConfiguration;
			buildSettings = {
				ALWAYS_SEARCH_USER_PATHS = NO;
				CLANG_ANALYZER_NONNULL = YES;
				CLANG_ANALYZER_NUMBER_OBJECT_CONVERSION = YES_AGGRESSIVE;
				CLANG_CXX_LANGUAGE_STANDARD = "gnu++14";
				CLANG_CXX_LIBRARY = "libc++";
				CLANG_ENABLE_MODULES = YES;
				CLANG_ENABLE_OBJC_ARC = YES;
				CLANG_ENABLE_OBJC_WEAK = YES;
				CLANG_WARN_BLOCK_CAPTURE_AUTORELEASING = YES;
				CLANG_WARN_BOOL_CONVERSION = YES;
				CLANG_WARN_COMMA = YES;
				CLANG_WARN_CONSTANT_CONVERSION = YES;
				CLANG_WARN_DEPRECATED_OBJC_IMPLEMENTATIONS = YES;
				CLANG_WARN_DIRECT_OBJC_ISA_USAGE = YES_ERROR;
				CLANG_WARN_DOCUMENTATION_COMMENTS = YES;
				CLANG_WARN_EMPTY_BODY = YES;
				CLANG_WARN_ENUM_CONVERSION = YES;
				CLANG_WARN_INFINITE_RECURSION = YES;
				CLANG_WARN_INT_CONVERSION = YES;
				CLANG_WARN_NON_LITERAL_NULL_CONVERSION = YES;
				CLANG_WARN_OBJC_IMPLICIT_RETAIN_SELF = YES;
				CLANG_WARN_OBJC_LITERAL_CONVERSION = YES;
				CLANG_WARN_OBJC_ROOT_CLASS = YES_ERROR;
				CLANG_WARN_QUOTED_INCLUDE_IN_FRAMEWORK_HEADER = YES;
				CLANG_WARN_RANGE_LOOP_ANALYSIS = YES;
				CLANG_WARN_STRICT_PROTOTYPES = YES;
				CLANG_WARN_SUSPICIOUS_MOVE = YES;
				CLANG_WARN_UNGUARDED_AVAILABILITY = YES_AGGRESSIVE;
				CLANG_WARN_UNREACHABLE_CODE = YES;
				CLANG_WARN__DUPLICATE_METHOD_MATCH = YES;
				COPY_PHASE_STRIP = NO;
				DEBUG_INFORMATION_FORMAT = "dwarf-with-dsym";
				ENABLE_NS_ASSERTIONS = NO;
				ENABLE_STRICT_OBJC_MSGSEND = YES;
				GCC_C_LANGUAGE_STANDARD = gnu11;
				GCC_NO_COMMON_BLOCKS = YES;
				GCC_WARN_64_TO_32_BIT_CONVERSION = YES;
				GCC_WARN_ABOUT_RETURN_TYPE = YES_ERROR;
				GCC_WARN_UNDECLARED_SELECTOR = YES;
				GCC_WARN_UNINITIALIZED_AUTOS = YES_AGGRESSIVE;
				GCC_WARN_UNUSED_FUNCTION = YES;
				GCC_WARN_UNUSED_VARIABLE = YES;
				IPHONEOS_DEPLOYMENT_TARGET = 12.0;
				MTL_ENABLE_DEBUG_INFO = NO;
				MTL_FAST_MATH = YES;
				SDKROOT = iphoneos;
				SWIFT_COMPILATION_MODE = wholemodule;
				SWIFT_OPTIMIZATION_LEVEL = "-O";
				VALIDATE_PRODUCT = YES;
			};
			name = Release;
		};
		60ADF51825792D39001A77C2 /* Debug */ = {
			isa = XCBuildConfiguration;
			baseConfigurationReference = 6D0D9251DF0F6FC82F37901F /* Pods-ShareNote.debug.xcconfig */;
			buildSettings = {
				ASSETCATALOG_COMPILER_APPICON_NAME = AppIcon;
				ASSETCATALOG_COMPILER_GLOBAL_ACCENT_COLOR_NAME = AccentColor;
				CODE_SIGN_ENTITLEMENTS = ShareNote/ShareNote.entitlements;
				CODE_SIGN_STYLE = Automatic;
				DEVELOPMENT_TEAM = W8F3C657J7;
				INFOPLIST_FILE = ShareNote/App/Info.plist;
				LD_RUNPATH_SEARCH_PATHS = (
					"$(inherited)",
					"@executable_path/Frameworks",
				);
				PRODUCT_BUNDLE_IDENTIFIER = com.snc.sharenote;
				PRODUCT_NAME = "$(TARGET_NAME)";
				SWIFT_VERSION = 5.0;
				TARGETED_DEVICE_FAMILY = "1,2";
			};
			name = Debug;
		};
		60ADF51925792D39001A77C2 /* Release */ = {
			isa = XCBuildConfiguration;
			baseConfigurationReference = 9696D885676D7977D9388A74 /* Pods-ShareNote.release.xcconfig */;
			buildSettings = {
				ASSETCATALOG_COMPILER_APPICON_NAME = AppIcon;
				ASSETCATALOG_COMPILER_GLOBAL_ACCENT_COLOR_NAME = AccentColor;
				CODE_SIGN_ENTITLEMENTS = ShareNote/ShareNote.entitlements;
				CODE_SIGN_STYLE = Automatic;
				DEVELOPMENT_TEAM = W8F3C657J7;
				INFOPLIST_FILE = ShareNote/App/Info.plist;
				LD_RUNPATH_SEARCH_PATHS = (
					"$(inherited)",
					"@executable_path/Frameworks",
				);
				PRODUCT_BUNDLE_IDENTIFIER = com.snc.sharenote;
				PRODUCT_NAME = "$(TARGET_NAME)";
				SWIFT_VERSION = 5.0;
				TARGETED_DEVICE_FAMILY = "1,2";
			};
			name = Release;
		};
		60ADF51B25792D39001A77C2 /* Debug */ = {
			isa = XCBuildConfiguration;
			baseConfigurationReference = 31653BC4C65497367731A980 /* Pods-ShareNoteTests.debug.xcconfig */;
			buildSettings = {
				ALWAYS_EMBED_SWIFT_STANDARD_LIBRARIES = YES;
				BUNDLE_LOADER = "$(TEST_HOST)";
				CODE_SIGN_STYLE = Automatic;
				DEVELOPMENT_TEAM = GN3PLAKW34;
				INFOPLIST_FILE = ShareNoteTests/Info.plist;
				IPHONEOS_DEPLOYMENT_TARGET = 12.0;
				LD_RUNPATH_SEARCH_PATHS = (
					"$(inherited)",
					"@executable_path/Frameworks",
					"@loader_path/Frameworks",
				);
				PRODUCT_BUNDLE_IDENTIFIER = kr.co.snc.ShareNoteTests;
				PRODUCT_NAME = "$(TARGET_NAME)";
				SWIFT_VERSION = 5.0;
				TARGETED_DEVICE_FAMILY = "1,2";
				TEST_HOST = "$(BUILT_PRODUCTS_DIR)/ShareNote.app/ShareNote";
			};
			name = Debug;
		};
		60ADF51C25792D39001A77C2 /* Release */ = {
			isa = XCBuildConfiguration;
			baseConfigurationReference = 237C287BBC831C6DB806993C /* Pods-ShareNoteTests.release.xcconfig */;
			buildSettings = {
				ALWAYS_EMBED_SWIFT_STANDARD_LIBRARIES = YES;
				BUNDLE_LOADER = "$(TEST_HOST)";
				CODE_SIGN_STYLE = Automatic;
				DEVELOPMENT_TEAM = GN3PLAKW34;
				INFOPLIST_FILE = ShareNoteTests/Info.plist;
				IPHONEOS_DEPLOYMENT_TARGET = 12.0;
				LD_RUNPATH_SEARCH_PATHS = (
					"$(inherited)",
					"@executable_path/Frameworks",
					"@loader_path/Frameworks",
				);
				PRODUCT_BUNDLE_IDENTIFIER = kr.co.snc.ShareNoteTests;
				PRODUCT_NAME = "$(TARGET_NAME)";
				SWIFT_VERSION = 5.0;
				TARGETED_DEVICE_FAMILY = "1,2";
				TEST_HOST = "$(BUILT_PRODUCTS_DIR)/ShareNote.app/ShareNote";
			};
			name = Release;
		};
		60ADF51E25792D39001A77C2 /* Debug */ = {
			isa = XCBuildConfiguration;
			baseConfigurationReference = 38727C1481A398597264B0FC /* Pods-ShareNote-ShareNoteUITests.debug.xcconfig */;
			buildSettings = {
				ALWAYS_EMBED_SWIFT_STANDARD_LIBRARIES = YES;
				CODE_SIGN_STYLE = Automatic;
				DEVELOPMENT_TEAM = GN3PLAKW34;
				INFOPLIST_FILE = ShareNoteUITests/Info.plist;
				LD_RUNPATH_SEARCH_PATHS = (
					"$(inherited)",
					"@executable_path/Frameworks",
					"@loader_path/Frameworks",
				);
				PRODUCT_BUNDLE_IDENTIFIER = kr.co.snc.ShareNoteUITests;
				PRODUCT_NAME = "$(TARGET_NAME)";
				SWIFT_VERSION = 5.0;
				TARGETED_DEVICE_FAMILY = "1,2";
				TEST_TARGET_NAME = ShareNote;
			};
			name = Debug;
		};
		60ADF51F25792D39001A77C2 /* Release */ = {
			isa = XCBuildConfiguration;
			baseConfigurationReference = 0A632BF3D8B96B0BDDF90E32 /* Pods-ShareNote-ShareNoteUITests.release.xcconfig */;
			buildSettings = {
				ALWAYS_EMBED_SWIFT_STANDARD_LIBRARIES = YES;
				CODE_SIGN_STYLE = Automatic;
				DEVELOPMENT_TEAM = GN3PLAKW34;
				INFOPLIST_FILE = ShareNoteUITests/Info.plist;
				LD_RUNPATH_SEARCH_PATHS = (
					"$(inherited)",
					"@executable_path/Frameworks",
					"@loader_path/Frameworks",
				);
				PRODUCT_BUNDLE_IDENTIFIER = kr.co.snc.ShareNoteUITests;
				PRODUCT_NAME = "$(TARGET_NAME)";
				SWIFT_VERSION = 5.0;
				TARGETED_DEVICE_FAMILY = "1,2";
				TEST_TARGET_NAME = ShareNote;
			};
			name = Release;
		};
/* End XCBuildConfiguration section */

/* Begin XCConfigurationList section */
		60ADF4E825792D37001A77C2 /* Build configuration list for PBXProject "ShareNote" */ = {
			isa = XCConfigurationList;
			buildConfigurations = (
				60ADF51525792D39001A77C2 /* Debug */,
				60ADF51625792D39001A77C2 /* Release */,
			);
			defaultConfigurationIsVisible = 0;
			defaultConfigurationName = Release;
		};
		60ADF51725792D39001A77C2 /* Build configuration list for PBXNativeTarget "ShareNote" */ = {
			isa = XCConfigurationList;
			buildConfigurations = (
				60ADF51825792D39001A77C2 /* Debug */,
				60ADF51925792D39001A77C2 /* Release */,
			);
			defaultConfigurationIsVisible = 0;
			defaultConfigurationName = Release;
		};
		60ADF51A25792D39001A77C2 /* Build configuration list for PBXNativeTarget "ShareNoteTests" */ = {
			isa = XCConfigurationList;
			buildConfigurations = (
				60ADF51B25792D39001A77C2 /* Debug */,
				60ADF51C25792D39001A77C2 /* Release */,
			);
			defaultConfigurationIsVisible = 0;
			defaultConfigurationName = Release;
		};
		60ADF51D25792D39001A77C2 /* Build configuration list for PBXNativeTarget "ShareNoteUITests" */ = {
			isa = XCConfigurationList;
			buildConfigurations = (
				60ADF51E25792D39001A77C2 /* Debug */,
				60ADF51F25792D39001A77C2 /* Release */,
			);
			defaultConfigurationIsVisible = 0;
			defaultConfigurationName = Release;
		};
/* End XCConfigurationList section */
	};
	rootObject = 60ADF4E525792D37001A77C2 /* Project object */;
}
